
Microsoft Visual Studio Solution File, Format Version 12.00
# Visual Studio Version 16
VisualStudioVersion = 16.0.29201.188
MinimumVisualStudioVersion = 10.0.40219.1
Project("{FAE04EC0-301F-11D3-BF4B-00C04F79EFBC}") = "PLib", "PLib\PLib.csproj", "{B6D056B5-B658-4E93-8AE2-86069196B494}"
EndProject
Project("{FAE04EC0-301F-11D3-BF4B-00C04F79EFBC}") = "CritterInventory", "CritterInventory\CritterInventory.csproj", "{0E69A516-4440-4B16-880F-44D8F297600E}"
EndProject
Project("{FAE04EC0-301F-11D3-BF4B-00C04F79EFBC}") = "Claustrophobia", "Claustrophobia\Claustrophobia.csproj", "{8636B2F7-E6A1-44A3-8927-12C6368C2624}"
EndProject
Project("{FAE04EC0-301F-11D3-BF4B-00C04F79EFBC}") = "BulkSettingsChange", "BulkSettingsChange\BulkSettingsChange.csproj", "{7EE6FD5E-3125-4B7B-A05B-51B5A65B2C40}"
EndProject
Global
	GlobalSection(SolutionConfigurationPlatforms) = preSolution
		Debug|Any CPU = Debug|Any CPU
		Release|Any CPU = Release|Any CPU
	EndGlobalSection
	GlobalSection(ProjectConfigurationPlatforms) = postSolution
		{B6D056B5-B658-4E93-8AE2-86069196B494}.Debug|Any CPU.ActiveCfg = Debug|Any CPU
		{B6D056B5-B658-4E93-8AE2-86069196B494}.Debug|Any CPU.Build.0 = Debug|Any CPU
		{B6D056B5-B658-4E93-8AE2-86069196B494}.Release|Any CPU.ActiveCfg = Release|Any CPU
		{B6D056B5-B658-4E93-8AE2-86069196B494}.Release|Any CPU.Build.0 = Release|Any CPU
		{0E69A516-4440-4B16-880F-44D8F297600E}.Debug|Any CPU.ActiveCfg = Debug|Any CPU
		{0E69A516-4440-4B16-880F-44D8F297600E}.Debug|Any CPU.Build.0 = Debug|Any CPU
		{0E69A516-4440-4B16-880F-44D8F297600E}.Release|Any CPU.ActiveCfg = Release|Any CPU
		{0E69A516-4440-4B16-880F-44D8F297600E}.Release|Any CPU.Build.0 = Release|Any CPU
		{8636B2F7-E6A1-44A3-8927-12C6368C2624}.Debug|Any CPU.ActiveCfg = Debug|Any CPU
		{8636B2F7-E6A1-44A3-8927-12C6368C2624}.Debug|Any CPU.Build.0 = Debug|Any CPU
		{8636B2F7-E6A1-44A3-8927-12C6368C2624}.Release|Any CPU.ActiveCfg = Release|Any CPU
		{8636B2F7-E6A1-44A3-8927-12C6368C2624}.Release|Any CPU.Build.0 = Release|Any CPU
		{7EE6FD5E-3125-4B7B-A05B-51B5A65B2C40}.Debug|Any CPU.ActiveCfg = Debug|Any CPU
		{7EE6FD5E-3125-4B7B-A05B-51B5A65B2C40}.Debug|Any CPU.Build.0 = Debug|Any CPU
		{7EE6FD5E-3125-4B7B-A05B-51B5A65B2C40}.Release|Any CPU.ActiveCfg = Release|Any CPU
		{7EE6FD5E-3125-4B7B-A05B-51B5A65B2C40}.Release|Any CPU.Build.0 = Release|Any CPU
	EndGlobalSection
	GlobalSection(SolutionProperties) = preSolution
		HideSolutionNode = FALSE
	EndGlobalSection
	GlobalSection(ExtensibilityGlobals) = postSolution
		SolutionGuid = {05AD4341-9C99-4998-8BEC-CFBB218B464B}
	EndGlobalSection
EndGlobal
