
Microsoft Visual Studio Solution File, Format Version 12.00
# Visual Studio Version 17
VisualStudioVersion = 17.2.32616.157
MinimumVisualStudioVersion = 10.0.40219.1
Project("{9A19103F-16F7-4668-BE54-9A1E7A4F7556}") = "PLib", "PLib\PLib.csproj", "{B6D056B5-B658-4E93-8AE2-86069196B494}"
EndProject
Project("{9A19103F-16F7-4668-BE54-9A1E7A4F7556}") = "CritterInventory", "CritterInventory\CritterInventory.csproj", "{0E69A516-4440-4B16-880F-44D8F297600E}"
EndProject
Project("{9A19103F-16F7-4668-BE54-9A1E7A4F7556}") = "BulkSettingsChange", "BulkSettingsChange\BulkSettingsChange.csproj", "{7EE6FD5E-3125-4B7B-A05B-51B5A65B2C40}"
EndProject
Project("{9A19103F-16F7-4668-BE54-9A1E7A4F7556}") = "FallingSand", "FallingSand\FallingSand.csproj", "{E4030A99-A84E-4B60-AF54-926DE71F1A68}"
EndProject
Project("{9A19103F-16F7-4668-BE54-9A1E7A4F7556}") = "SweepByType", "SweepByType\SweepByType.csproj", "{50C09A12-BAA5-48EF-B26E-9FD859DEBC59}"
EndProject
Project("{9A19103F-16F7-4668-BE54-9A1E7A4F7556}") = "DeselectNewMaterials", "DeselectNewMaterials\DeselectNewMaterials.csproj", "{AD1515FF-30EA-4422-86E2-BA5482D1ECA5}"
EndProject
Project("{9A19103F-16F7-4668-BE54-9A1E7A4F7556}") = "FastSave", "FastSave\FastSave.csproj", "{14774678-98BE-43FC-B3DA-8345A514CF52}"
EndProject
Project("{9A19103F-16F7-4668-BE54-9A1E7A4F7556}") = "EfficientFetch", "EfficientFetch\EfficientFetch.csproj", "{8F30AB5F-8AC3-44D3-ABEC-0BCC17FBD775}"
EndProject
Project("{9A19103F-16F7-4668-BE54-9A1E7A4F7556}") = "DecorReimagined", "DecorReimagined\DecorReimagined.csproj", "{A8477153-3849-4EF4-8A59-00B6B27F747F}"
EndProject
Project("{9A19103F-16F7-4668-BE54-9A1E7A4F7556}") = "QueueForSink", "QueueForSink\QueueForSink.csproj", "{5F7960C6-558C-4258-9DAD-1443BD2D17D4}"
EndProject
Project("{9A19103F-16F7-4668-BE54-9A1E7A4F7556}") = "Challenge100K", "Challenge100K\Challenge100K.csproj", "{A509A4BA-68E0-4C85-AA0E-5AB4A64D503B}"
EndProject
Project("{9A19103F-16F7-4668-BE54-9A1E7A4F7556}") = "SmartPumps", "SmartPumps\SmartPumps.csproj", "{E364DF8A-73B5-4AF7-AC34-230BFA1E84B1}"
EndProject
Project("{9A19103F-16F7-4668-BE54-9A1E7A4F7556}") = "ResearchQueue", "ResearchQueue\ResearchQueue.csproj", "{5E9C5B40-C5B0-4F39-9950-4D0E350185AA}"
EndProject
Project("{9A19103F-16F7-4668-BE54-9A1E7A4F7556}") = "StarmapQueue", "StarmapQueue\StarmapQueue.csproj", "{C55DDC3F-B911-43E3-BBF8-5C7147D1CE90}"
EndProject
Project("{9A19103F-16F7-4668-BE54-9A1E7A4F7556}") = "FoodTooltip", "FoodTooltip\FoodTooltip.csproj", "{CFE40396-D97A-4904-B13A-760D28E3EB31}"
EndProject
Project("{9A19103F-16F7-4668-BE54-9A1E7A4F7556}") = "SandboxTools", "SandboxTools\SandboxTools.csproj", "{E7546BA6-2143-43A2-AE25-01899D7D8396}"
EndProject
Project("{9A19103F-16F7-4668-BE54-9A1E7A4F7556}") = "ThermalPlate", "ThermalPlate\ThermalPlate.csproj", "{3DD95B2F-897D-49CA-BAB7-168C8A19B26B}"
EndProject
Project("{9A19103F-16F7-4668-BE54-9A1E7A4F7556}") = "ShowRange", "ShowRange\ShowRange.csproj", "{F7519F98-94BC-491C-9E99-48A7670FAF88}"
EndProject
Project("{9A19103F-16F7-4668-BE54-9A1E7A4F7556}") = "StockBugFix", "StockBugFix\StockBugFix.csproj", "{99C7BEC1-7837-419C-BA0A-9CFA1DD8CD63}"
EndProject
Project("{9A19103F-16F7-4668-BE54-9A1E7A4F7556}") = "TileTempSensor", "TileTempSensor\TileTempSensor.csproj", "{5C449554-E0F9-4F6F-B1EC-BAD76F1A6469}"
EndProject
Project("{9A19103F-16F7-4668-BE54-9A1E7A4F7556}") = "ThermalTooltips", "ThermalTooltips\ThermalTooltips.csproj", "{01184A60-E812-461A-97BF-8523723B68C4}"
EndProject
Project("{9A19103F-16F7-4668-BE54-9A1E7A4F7556}") = "MoreAchievements", "MoreAchievements\MoreAchievements.csproj", "{39240357-3820-4F3E-9D4C-51215C225388}"
EndProject
Project("{9A19103F-16F7-4668-BE54-9A1E7A4F7556}") = "DebugNotIncluded", "DebugNotIncluded\DebugNotIncluded.csproj", "{121FD801-8404-419F-BB58-47BED5737F04}"
EndProject
Project("{9A19103F-16F7-4668-BE54-9A1E7A4F7556}") = "AirlockDoor", "AirlockDoor\AirlockDoor.csproj", "{9F9A55F7-EB51-4CC3-8B99-9735F020217B}"
EndProject
Project("{9A19103F-16F7-4668-BE54-9A1E7A4F7556}") = "ModUpdateDate", "ModUpdateDate\ModUpdateDate.csproj", "{650A16F4-9A85-446B-B46A-2811715D4C6D}"
EndProject
Project("{9A19103F-16F7-4668-BE54-9A1E7A4F7556}") = "ToastControl", "ToastControl\ToastControl.csproj", "{9F1CA3AB-F409-4F09-BC3B-D026A6E9FBDB}"
EndProject
Project("{9A19103F-16F7-4668-BE54-9A1E7A4F7556}") = "CleanDrop", "CleanDrop\CleanDrop.csproj", "{86E9BA14-F3B4-45B6-9DE6-537F6EF6EB30}"
EndProject
Project("{9A19103F-16F7-4668-BE54-9A1E7A4F7556}") = "AIImprovements", "AIImprovements\AIImprovements.csproj", "{E367FD41-DCD7-4921-82A9-27783206D7BD}"
EndProject
Project("{9A19103F-16F7-4668-BE54-9A1E7A4F7556}") = "BuildStraightUp", "BuildStraightUp\BuildStraightUp.csproj", "{76F4CFB2-B40A-4C14-8842-4AE1C3F73A5D}"
EndProject
Project("{9A19103F-16F7-4668-BE54-9A1E7A4F7556}") = "OldPipeColor", "OldPipeColor\OldPipeColor.csproj", "{6D6A89D2-BC44-48CE-A057-BB29FC1A4D05}"
EndProject
Project("{9A19103F-16F7-4668-BE54-9A1E7A4F7556}") = "NotEnoughTags", "NotEnoughTags\NotEnoughTags.csproj", "{899F0603-8236-49E8-93E5-856FB540409C}"
EndProject
Project("{9A19103F-16F7-4668-BE54-9A1E7A4F7556}") = "FastTrack", "FastTrack\FastTrack.csproj", "{5031ADAF-C406-4EA0-8003-6C88A2A64802}"
EndProject
Project("{9A19103F-16F7-4668-BE54-9A1E7A4F7556}") = "NoSensorLimits", "NoSensorLimits\NoSensorLimits.csproj", "{136F8525-F65C-4A92-BC9E-2F89ECAFD4E1}"
EndProject
Project("{9A19103F-16F7-4668-BE54-9A1E7A4F7556}") = "FinishTasks", "FinishTasks\FinishTasks.csproj", "{6E8902F8-2969-4A11-B2D2-C8644A00949D}"
EndProject
Project("{9A19103F-16F7-4668-BE54-9A1E7A4F7556}") = "MooReproduction", "MooReproduction\MooReproduction.csproj", "{07BE03BD-84A8-4202-82A3-F64829B3D786}"
EndProject
Project("{9A19103F-16F7-4668-BE54-9A1E7A4F7556}") = "WorkshopProfiles", "WorkshopProfiles\WorkshopProfiles.csproj", "{E327F5BD-CBF2-47D0-90C6-AE9C56E99B2F}"
EndProject
Project("{9A19103F-16F7-4668-BE54-9A1E7A4F7556}") = "PipPlantOverlay", "PipPlantOverlay\PipPlantOverlay.csproj", "{0153F668-C4B3-400B-A4AE-7B736337FDD4}"
EndProject
Project("{9A19103F-16F7-4668-BE54-9A1E7A4F7556}") = "PLibCore", "PLibCore\PLibCore.csproj", "{4603AB9B-32DF-46E2-9B18-8F990EE48859}"
EndProject
Project("{9A19103F-16F7-4668-BE54-9A1E7A4F7556}") = "PLibOptions", "PLibOptions\PLibOptions.csproj", "{C5BE93CE-C278-45AE-8721-CAC6A46069B5}"
EndProject
Project("{9A19103F-16F7-4668-BE54-9A1E7A4F7556}") = "PLibUI", "PLibUI\PLibUI.csproj", "{9E527206-D933-4885-9E44-A2763693990C}"
EndProject
Project("{9A19103F-16F7-4668-BE54-9A1E7A4F7556}") = "PLibLighting", "PLibLighting\PLibLighting.csproj", "{43EE900D-A651-4886-8F2C-EA9FA7768BC8}"
EndProject
Project("{9A19103F-16F7-4668-BE54-9A1E7A4F7556}") = "PLibActions", "PLibActions\PLibActions.csproj", "{A60EDAB0-8BB4-407C-8C4A-7C35CA30F6A0}"
EndProject
Project("{9A19103F-16F7-4668-BE54-9A1E7A4F7556}") = "PLibBuildings", "PLibBuildings\PLibBuildings.csproj", "{3E3493BE-CA52-4503-9D78-ACD2059FCA29}"
EndProject
Project("{9A19103F-16F7-4668-BE54-9A1E7A4F7556}") = "PLibDatabase", "PLibDatabase\PLibDatabase.csproj", "{E7871310-6906-45FB-8FE4-47582B758644}"
EndProject
Project("{9A19103F-16F7-4668-BE54-9A1E7A4F7556}") = "PLibAVC", "PLibAVC\PLibAVC.csproj", "{769785FD-B0CD-4363-9AD4-100BFF22E205}"
EndProject
Project("{9A19103F-16F7-4668-BE54-9A1E7A4F7556}") = "AutoEject", "AutoEject\AutoEject.csproj", "{EF8C2C5E-03B7-46F9-B8B7-D6ED11170542}"
EndProject
Project("{9A19103F-16F7-4668-BE54-9A1E7A4F7556}") = "TurnBackTheClock", "TurnBackTheClock\TurnBackTheClock.csproj", "{775898D1-4014-49D4-902B-F6873BA86616}"
EndProject
Project("{9A19103F-16F7-4668-BE54-9A1E7A4F7556}") = "NoWasteWant", "NoWasteWant\NoWasteWant.csproj", "{F6BC965A-0B7C-4165-B3A5-F2D60D4CEA6B}"
EndProject
Project("{9A19103F-16F7-4668-BE54-9A1E7A4F7556}") = "MismatchedFinder", "MismatchedFinder\MismatchedFinder.csproj", "{F76C5A4D-B2AB-4DA5-A9A9-5B30D87971E0}"
EndProject
Project("{FAE04EC0-301F-11D3-BF4B-00C04F79EFBC}") = "ForbidItems", "ForbidItems\ForbidItems.csproj", "{2498660E-640B-4FC4-A8AF-313577427C25}"
EndProject
Project("{2150E333-8FDC-42A3-9474-1A3956D46DE8}") = "Meta", "Meta", "{DD48872E-7B35-44EF-A5D3-6F1472F322CE}"
	ProjectSection(SolutionItems) = preProject
		Directory.Build.props = Directory.Build.props
		Directory.Build.props.default = Directory.Build.props.default
		Directory.Build.targets = Directory.Build.targets
		README.md = README.md
	EndProjectSection
EndProject
Project("{FAE04EC0-301F-11D3-BF4B-00C04F79EFBC}") = "PreserveSeed", "PreserveSeed\PreserveSeed.csproj", "{135508AE-EF4B-49D6-882F-735B85B85B2B}"
EndProject
Project("{FAE04EC0-301F-11D3-BF4B-00C04F79EFBC}") = "SpiceOfLife", "SpiceOfLife\SpiceOfLife.csproj", "{E70A84A5-CF8F-4F7B-8D60-B0115553F9A9}"
EndProject
Global
	GlobalSection(SolutionConfigurationPlatforms) = preSolution
		Debug|Mergedown = Debug|Mergedown
		Debug|Vanilla = Debug|Vanilla
		Release|Mergedown = Release|Mergedown
		Release|Vanilla = Release|Vanilla
	EndGlobalSection
	GlobalSection(ProjectConfigurationPlatforms) = postSolution
		{B6D056B5-B658-4E93-8AE2-86069196B494}.Debug|Mergedown.ActiveCfg = Debug|Mergedown
		{B6D056B5-B658-4E93-8AE2-86069196B494}.Debug|Mergedown.Build.0 = Debug|Mergedown
		{B6D056B5-B658-4E93-8AE2-86069196B494}.Debug|Vanilla.ActiveCfg = Debug|Vanilla
		{B6D056B5-B658-4E93-8AE2-86069196B494}.Debug|Vanilla.Build.0 = Debug|Vanilla
		{B6D056B5-B658-4E93-8AE2-86069196B494}.Release|Mergedown.ActiveCfg = Release|Mergedown
		{B6D056B5-B658-4E93-8AE2-86069196B494}.Release|Mergedown.Build.0 = Release|Mergedown
		{B6D056B5-B658-4E93-8AE2-86069196B494}.Release|Vanilla.ActiveCfg = Release|Vanilla
		{B6D056B5-B658-4E93-8AE2-86069196B494}.Release|Vanilla.Build.0 = Release|Vanilla
		{0E69A516-4440-4B16-880F-44D8F297600E}.Debug|Mergedown.ActiveCfg = Debug|Mergedown
		{0E69A516-4440-4B16-880F-44D8F297600E}.Debug|Mergedown.Build.0 = Debug|Mergedown
		{0E69A516-4440-4B16-880F-44D8F297600E}.Debug|Vanilla.ActiveCfg = Debug|Vanilla
		{0E69A516-4440-4B16-880F-44D8F297600E}.Debug|Vanilla.Build.0 = Debug|Vanilla
		{0E69A516-4440-4B16-880F-44D8F297600E}.Release|Mergedown.ActiveCfg = Release|Mergedown
		{0E69A516-4440-4B16-880F-44D8F297600E}.Release|Mergedown.Build.0 = Release|Mergedown
		{0E69A516-4440-4B16-880F-44D8F297600E}.Release|Vanilla.ActiveCfg = Release|Vanilla
		{0E69A516-4440-4B16-880F-44D8F297600E}.Release|Vanilla.Build.0 = Release|Vanilla
		{7EE6FD5E-3125-4B7B-A05B-51B5A65B2C40}.Debug|Mergedown.ActiveCfg = Debug|Mergedown
		{7EE6FD5E-3125-4B7B-A05B-51B5A65B2C40}.Debug|Mergedown.Build.0 = Debug|Mergedown
		{7EE6FD5E-3125-4B7B-A05B-51B5A65B2C40}.Debug|Vanilla.ActiveCfg = Debug|Vanilla
		{7EE6FD5E-3125-4B7B-A05B-51B5A65B2C40}.Debug|Vanilla.Build.0 = Debug|Vanilla
		{7EE6FD5E-3125-4B7B-A05B-51B5A65B2C40}.Release|Mergedown.ActiveCfg = Release|Mergedown
		{7EE6FD5E-3125-4B7B-A05B-51B5A65B2C40}.Release|Mergedown.Build.0 = Release|Mergedown
		{7EE6FD5E-3125-4B7B-A05B-51B5A65B2C40}.Release|Vanilla.ActiveCfg = Release|Vanilla
		{7EE6FD5E-3125-4B7B-A05B-51B5A65B2C40}.Release|Vanilla.Build.0 = Release|Vanilla
		{E4030A99-A84E-4B60-AF54-926DE71F1A68}.Debug|Mergedown.ActiveCfg = Debug|Mergedown
		{E4030A99-A84E-4B60-AF54-926DE71F1A68}.Debug|Mergedown.Build.0 = Debug|Mergedown
		{E4030A99-A84E-4B60-AF54-926DE71F1A68}.Debug|Vanilla.ActiveCfg = Debug|Vanilla
		{E4030A99-A84E-4B60-AF54-926DE71F1A68}.Debug|Vanilla.Build.0 = Debug|Vanilla
		{E4030A99-A84E-4B60-AF54-926DE71F1A68}.Release|Mergedown.ActiveCfg = Release|Mergedown
		{E4030A99-A84E-4B60-AF54-926DE71F1A68}.Release|Mergedown.Build.0 = Release|Mergedown
		{E4030A99-A84E-4B60-AF54-926DE71F1A68}.Release|Vanilla.ActiveCfg = Release|Vanilla
		{E4030A99-A84E-4B60-AF54-926DE71F1A68}.Release|Vanilla.Build.0 = Release|Vanilla
		{50C09A12-BAA5-48EF-B26E-9FD859DEBC59}.Debug|Mergedown.ActiveCfg = Debug|Mergedown
		{50C09A12-BAA5-48EF-B26E-9FD859DEBC59}.Debug|Mergedown.Build.0 = Debug|Mergedown
		{50C09A12-BAA5-48EF-B26E-9FD859DEBC59}.Debug|Vanilla.ActiveCfg = Debug|Vanilla
		{50C09A12-BAA5-48EF-B26E-9FD859DEBC59}.Debug|Vanilla.Build.0 = Debug|Vanilla
		{50C09A12-BAA5-48EF-B26E-9FD859DEBC59}.Release|Mergedown.ActiveCfg = Release|Mergedown
		{50C09A12-BAA5-48EF-B26E-9FD859DEBC59}.Release|Mergedown.Build.0 = Release|Mergedown
		{50C09A12-BAA5-48EF-B26E-9FD859DEBC59}.Release|Vanilla.ActiveCfg = Release|Vanilla
		{50C09A12-BAA5-48EF-B26E-9FD859DEBC59}.Release|Vanilla.Build.0 = Release|Vanilla
		{AD1515FF-30EA-4422-86E2-BA5482D1ECA5}.Debug|Mergedown.ActiveCfg = Debug|Mergedown
		{AD1515FF-30EA-4422-86E2-BA5482D1ECA5}.Debug|Mergedown.Build.0 = Debug|Mergedown
		{AD1515FF-30EA-4422-86E2-BA5482D1ECA5}.Debug|Vanilla.ActiveCfg = Debug|Vanilla
		{AD1515FF-30EA-4422-86E2-BA5482D1ECA5}.Debug|Vanilla.Build.0 = Debug|Vanilla
		{AD1515FF-30EA-4422-86E2-BA5482D1ECA5}.Release|Mergedown.ActiveCfg = Release|Mergedown
		{AD1515FF-30EA-4422-86E2-BA5482D1ECA5}.Release|Mergedown.Build.0 = Release|Mergedown
		{AD1515FF-30EA-4422-86E2-BA5482D1ECA5}.Release|Vanilla.ActiveCfg = Release|Vanilla
		{AD1515FF-30EA-4422-86E2-BA5482D1ECA5}.Release|Vanilla.Build.0 = Release|Vanilla
		{14774678-98BE-43FC-B3DA-8345A514CF52}.Debug|Mergedown.ActiveCfg = Debug|Mergedown
		{14774678-98BE-43FC-B3DA-8345A514CF52}.Debug|Mergedown.Build.0 = Debug|Mergedown
		{14774678-98BE-43FC-B3DA-8345A514CF52}.Debug|Vanilla.ActiveCfg = Debug|Vanilla
		{14774678-98BE-43FC-B3DA-8345A514CF52}.Debug|Vanilla.Build.0 = Debug|Vanilla
		{14774678-98BE-43FC-B3DA-8345A514CF52}.Release|Mergedown.ActiveCfg = Release|Mergedown
		{14774678-98BE-43FC-B3DA-8345A514CF52}.Release|Mergedown.Build.0 = Release|Mergedown
		{14774678-98BE-43FC-B3DA-8345A514CF52}.Release|Vanilla.ActiveCfg = Release|Vanilla
		{14774678-98BE-43FC-B3DA-8345A514CF52}.Release|Vanilla.Build.0 = Release|Vanilla
		{8F30AB5F-8AC3-44D3-ABEC-0BCC17FBD775}.Debug|Mergedown.ActiveCfg = Debug|Mergedown
		{8F30AB5F-8AC3-44D3-ABEC-0BCC17FBD775}.Debug|Mergedown.Build.0 = Debug|Mergedown
		{8F30AB5F-8AC3-44D3-ABEC-0BCC17FBD775}.Debug|Vanilla.ActiveCfg = Debug|Vanilla
		{8F30AB5F-8AC3-44D3-ABEC-0BCC17FBD775}.Debug|Vanilla.Build.0 = Debug|Vanilla
		{8F30AB5F-8AC3-44D3-ABEC-0BCC17FBD775}.Release|Mergedown.ActiveCfg = Release|Mergedown
		{8F30AB5F-8AC3-44D3-ABEC-0BCC17FBD775}.Release|Mergedown.Build.0 = Release|Mergedown
		{8F30AB5F-8AC3-44D3-ABEC-0BCC17FBD775}.Release|Vanilla.ActiveCfg = Release|Vanilla
		{8F30AB5F-8AC3-44D3-ABEC-0BCC17FBD775}.Release|Vanilla.Build.0 = Release|Vanilla
		{A8477153-3849-4EF4-8A59-00B6B27F747F}.Debug|Mergedown.ActiveCfg = Debug|Mergedown
		{A8477153-3849-4EF4-8A59-00B6B27F747F}.Debug|Mergedown.Build.0 = Debug|Mergedown
		{A8477153-3849-4EF4-8A59-00B6B27F747F}.Debug|Vanilla.ActiveCfg = Debug|Vanilla
		{A8477153-3849-4EF4-8A59-00B6B27F747F}.Debug|Vanilla.Build.0 = Debug|Vanilla
		{A8477153-3849-4EF4-8A59-00B6B27F747F}.Release|Mergedown.ActiveCfg = Release|Mergedown
		{A8477153-3849-4EF4-8A59-00B6B27F747F}.Release|Mergedown.Build.0 = Release|Mergedown
		{A8477153-3849-4EF4-8A59-00B6B27F747F}.Release|Vanilla.ActiveCfg = Release|Vanilla
		{A8477153-3849-4EF4-8A59-00B6B27F747F}.Release|Vanilla.Build.0 = Release|Vanilla
		{5F7960C6-558C-4258-9DAD-1443BD2D17D4}.Debug|Mergedown.ActiveCfg = Debug|Mergedown
		{5F7960C6-558C-4258-9DAD-1443BD2D17D4}.Debug|Mergedown.Build.0 = Debug|Mergedown
		{5F7960C6-558C-4258-9DAD-1443BD2D17D4}.Debug|Vanilla.ActiveCfg = Debug|Vanilla
		{5F7960C6-558C-4258-9DAD-1443BD2D17D4}.Debug|Vanilla.Build.0 = Debug|Vanilla
		{5F7960C6-558C-4258-9DAD-1443BD2D17D4}.Release|Mergedown.ActiveCfg = Release|Mergedown
		{5F7960C6-558C-4258-9DAD-1443BD2D17D4}.Release|Mergedown.Build.0 = Release|Mergedown
		{5F7960C6-558C-4258-9DAD-1443BD2D17D4}.Release|Vanilla.ActiveCfg = Release|Vanilla
		{5F7960C6-558C-4258-9DAD-1443BD2D17D4}.Release|Vanilla.Build.0 = Release|Vanilla
		{A509A4BA-68E0-4C85-AA0E-5AB4A64D503B}.Debug|Mergedown.ActiveCfg = Debug|Mergedown
		{A509A4BA-68E0-4C85-AA0E-5AB4A64D503B}.Debug|Vanilla.ActiveCfg = Debug|Vanilla
		{A509A4BA-68E0-4C85-AA0E-5AB4A64D503B}.Debug|Vanilla.Build.0 = Debug|Vanilla
		{A509A4BA-68E0-4C85-AA0E-5AB4A64D503B}.Release|Mergedown.ActiveCfg = Release|Mergedown
		{A509A4BA-68E0-4C85-AA0E-5AB4A64D503B}.Release|Vanilla.ActiveCfg = Release|Vanilla
		{A509A4BA-68E0-4C85-AA0E-5AB4A64D503B}.Release|Vanilla.Build.0 = Release|Vanilla
		{E364DF8A-73B5-4AF7-AC34-230BFA1E84B1}.Debug|Mergedown.ActiveCfg = Debug|Mergedown
		{E364DF8A-73B5-4AF7-AC34-230BFA1E84B1}.Debug|Mergedown.Build.0 = Debug|Mergedown
		{E364DF8A-73B5-4AF7-AC34-230BFA1E84B1}.Debug|Vanilla.ActiveCfg = Debug|Vanilla
		{E364DF8A-73B5-4AF7-AC34-230BFA1E84B1}.Debug|Vanilla.Build.0 = Debug|Vanilla
		{E364DF8A-73B5-4AF7-AC34-230BFA1E84B1}.Release|Mergedown.ActiveCfg = Release|Mergedown
		{E364DF8A-73B5-4AF7-AC34-230BFA1E84B1}.Release|Mergedown.Build.0 = Release|Mergedown
		{E364DF8A-73B5-4AF7-AC34-230BFA1E84B1}.Release|Vanilla.ActiveCfg = Release|Vanilla
		{E364DF8A-73B5-4AF7-AC34-230BFA1E84B1}.Release|Vanilla.Build.0 = Release|Vanilla
		{1DDF3C07-4FDC-4F8D-B998-14229938E097}.Debug|Mergedown.ActiveCfg = Debug|Mergedown
		{1DDF3C07-4FDC-4F8D-B998-14229938E097}.Debug|Mergedown.Build.0 = Debug|Mergedown
		{1DDF3C07-4FDC-4F8D-B998-14229938E097}.Debug|Vanilla.ActiveCfg = Debug|Vanilla
		{1DDF3C07-4FDC-4F8D-B998-14229938E097}.Debug|Vanilla.Build.0 = Debug|Vanilla
		{1DDF3C07-4FDC-4F8D-B998-14229938E097}.Release|Mergedown.ActiveCfg = Release|Mergedown
		{1DDF3C07-4FDC-4F8D-B998-14229938E097}.Release|Mergedown.Build.0 = Release|Mergedown
		{1DDF3C07-4FDC-4F8D-B998-14229938E097}.Release|Vanilla.ActiveCfg = Release|Vanilla
		{1DDF3C07-4FDC-4F8D-B998-14229938E097}.Release|Vanilla.Build.0 = Release|Vanilla
		{5E9C5B40-C5B0-4F39-9950-4D0E350185AA}.Debug|Mergedown.ActiveCfg = Debug|Mergedown
		{5E9C5B40-C5B0-4F39-9950-4D0E350185AA}.Debug|Mergedown.Build.0 = Debug|Mergedown
		{5E9C5B40-C5B0-4F39-9950-4D0E350185AA}.Debug|Vanilla.ActiveCfg = Debug|Vanilla
		{5E9C5B40-C5B0-4F39-9950-4D0E350185AA}.Debug|Vanilla.Build.0 = Debug|Vanilla
		{5E9C5B40-C5B0-4F39-9950-4D0E350185AA}.Release|Mergedown.ActiveCfg = Release|Mergedown
		{5E9C5B40-C5B0-4F39-9950-4D0E350185AA}.Release|Mergedown.Build.0 = Release|Mergedown
		{5E9C5B40-C5B0-4F39-9950-4D0E350185AA}.Release|Vanilla.ActiveCfg = Release|Vanilla
		{5E9C5B40-C5B0-4F39-9950-4D0E350185AA}.Release|Vanilla.Build.0 = Release|Vanilla
		{89F93E0F-394A-4914-9050-B8B278A05245}.Debug|Mergedown.ActiveCfg = Debug|Vanilla
		{89F93E0F-394A-4914-9050-B8B278A05245}.Debug|Vanilla.ActiveCfg = Debug|Vanilla
		{89F93E0F-394A-4914-9050-B8B278A05245}.Debug|Vanilla.Build.0 = Debug|Vanilla
		{89F93E0F-394A-4914-9050-B8B278A05245}.Release|Mergedown.ActiveCfg = Release|Mergedown
		{89F93E0F-394A-4914-9050-B8B278A05245}.Release|Mergedown.Build.0 = Release|Mergedown
		{89F93E0F-394A-4914-9050-B8B278A05245}.Release|Vanilla.ActiveCfg = Release|Vanilla
		{89F93E0F-394A-4914-9050-B8B278A05245}.Release|Vanilla.Build.0 = Release|Vanilla
		{C55DDC3F-B911-43E3-BBF8-5C7147D1CE90}.Debug|Mergedown.ActiveCfg = Debug|Mergedown
		{C55DDC3F-B911-43E3-BBF8-5C7147D1CE90}.Debug|Vanilla.ActiveCfg = Debug|Vanilla
		{C55DDC3F-B911-43E3-BBF8-5C7147D1CE90}.Debug|Vanilla.Build.0 = Debug|Vanilla
		{C55DDC3F-B911-43E3-BBF8-5C7147D1CE90}.Release|Mergedown.ActiveCfg = Release|Mergedown
		{C55DDC3F-B911-43E3-BBF8-5C7147D1CE90}.Release|Vanilla.ActiveCfg = Release|Vanilla
		{C55DDC3F-B911-43E3-BBF8-5C7147D1CE90}.Release|Vanilla.Build.0 = Release|Vanilla
		{CFE40396-D97A-4904-B13A-760D28E3EB31}.Debug|Mergedown.ActiveCfg = Debug|Mergedown
		{CFE40396-D97A-4904-B13A-760D28E3EB31}.Debug|Mergedown.Build.0 = Debug|Mergedown
		{CFE40396-D97A-4904-B13A-760D28E3EB31}.Debug|Vanilla.ActiveCfg = Debug|Vanilla
		{CFE40396-D97A-4904-B13A-760D28E3EB31}.Debug|Vanilla.Build.0 = Debug|Vanilla
		{CFE40396-D97A-4904-B13A-760D28E3EB31}.Release|Mergedown.ActiveCfg = Release|Mergedown
		{CFE40396-D97A-4904-B13A-760D28E3EB31}.Release|Mergedown.Build.0 = Release|Mergedown
		{CFE40396-D97A-4904-B13A-760D28E3EB31}.Release|Vanilla.ActiveCfg = Release|Vanilla
		{CFE40396-D97A-4904-B13A-760D28E3EB31}.Release|Vanilla.Build.0 = Release|Vanilla
		{E7546BA6-2143-43A2-AE25-01899D7D8396}.Debug|Mergedown.ActiveCfg = Debug|Mergedown
		{E7546BA6-2143-43A2-AE25-01899D7D8396}.Debug|Mergedown.Build.0 = Debug|Mergedown
		{E7546BA6-2143-43A2-AE25-01899D7D8396}.Debug|Vanilla.ActiveCfg = Debug|Vanilla
		{E7546BA6-2143-43A2-AE25-01899D7D8396}.Debug|Vanilla.Build.0 = Debug|Vanilla
		{E7546BA6-2143-43A2-AE25-01899D7D8396}.Release|Mergedown.ActiveCfg = Release|Mergedown
		{E7546BA6-2143-43A2-AE25-01899D7D8396}.Release|Mergedown.Build.0 = Release|Mergedown
		{E7546BA6-2143-43A2-AE25-01899D7D8396}.Release|Vanilla.ActiveCfg = Release|Vanilla
		{E7546BA6-2143-43A2-AE25-01899D7D8396}.Release|Vanilla.Build.0 = Release|Vanilla
		{3DD95B2F-897D-49CA-BAB7-168C8A19B26B}.Debug|Mergedown.ActiveCfg = Debug|Mergedown
		{3DD95B2F-897D-49CA-BAB7-168C8A19B26B}.Debug|Mergedown.Build.0 = Debug|Mergedown
		{3DD95B2F-897D-49CA-BAB7-168C8A19B26B}.Debug|Vanilla.ActiveCfg = Debug|Vanilla
		{3DD95B2F-897D-49CA-BAB7-168C8A19B26B}.Debug|Vanilla.Build.0 = Debug|Vanilla
		{3DD95B2F-897D-49CA-BAB7-168C8A19B26B}.Release|Mergedown.ActiveCfg = Release|Mergedown
		{3DD95B2F-897D-49CA-BAB7-168C8A19B26B}.Release|Mergedown.Build.0 = Release|Mergedown
		{3DD95B2F-897D-49CA-BAB7-168C8A19B26B}.Release|Vanilla.ActiveCfg = Release|Vanilla
		{3DD95B2F-897D-49CA-BAB7-168C8A19B26B}.Release|Vanilla.Build.0 = Release|Vanilla
		{F7519F98-94BC-491C-9E99-48A7670FAF88}.Debug|Mergedown.ActiveCfg = Debug|Mergedown
		{F7519F98-94BC-491C-9E99-48A7670FAF88}.Debug|Mergedown.Build.0 = Debug|Mergedown
		{F7519F98-94BC-491C-9E99-48A7670FAF88}.Debug|Vanilla.ActiveCfg = Debug|Vanilla
		{F7519F98-94BC-491C-9E99-48A7670FAF88}.Debug|Vanilla.Build.0 = Debug|Vanilla
		{F7519F98-94BC-491C-9E99-48A7670FAF88}.Release|Mergedown.ActiveCfg = Release|Mergedown
		{F7519F98-94BC-491C-9E99-48A7670FAF88}.Release|Mergedown.Build.0 = Release|Mergedown
		{F7519F98-94BC-491C-9E99-48A7670FAF88}.Release|Vanilla.ActiveCfg = Release|Vanilla
		{F7519F98-94BC-491C-9E99-48A7670FAF88}.Release|Vanilla.Build.0 = Release|Vanilla
		{99C7BEC1-7837-419C-BA0A-9CFA1DD8CD63}.Debug|Mergedown.ActiveCfg = Debug|Mergedown
		{99C7BEC1-7837-419C-BA0A-9CFA1DD8CD63}.Debug|Mergedown.Build.0 = Debug|Mergedown
		{99C7BEC1-7837-419C-BA0A-9CFA1DD8CD63}.Debug|Vanilla.ActiveCfg = Debug|Vanilla
		{99C7BEC1-7837-419C-BA0A-9CFA1DD8CD63}.Debug|Vanilla.Build.0 = Debug|Vanilla
		{99C7BEC1-7837-419C-BA0A-9CFA1DD8CD63}.Release|Mergedown.ActiveCfg = Release|Mergedown
		{99C7BEC1-7837-419C-BA0A-9CFA1DD8CD63}.Release|Mergedown.Build.0 = Release|Mergedown
		{99C7BEC1-7837-419C-BA0A-9CFA1DD8CD63}.Release|Vanilla.ActiveCfg = Release|Vanilla
		{99C7BEC1-7837-419C-BA0A-9CFA1DD8CD63}.Release|Vanilla.Build.0 = Release|Vanilla
		{5C449554-E0F9-4F6F-B1EC-BAD76F1A6469}.Debug|Mergedown.ActiveCfg = Debug|Mergedown
		{5C449554-E0F9-4F6F-B1EC-BAD76F1A6469}.Debug|Mergedown.Build.0 = Debug|Mergedown
		{5C449554-E0F9-4F6F-B1EC-BAD76F1A6469}.Debug|Vanilla.ActiveCfg = Debug|Vanilla
		{5C449554-E0F9-4F6F-B1EC-BAD76F1A6469}.Debug|Vanilla.Build.0 = Debug|Vanilla
		{5C449554-E0F9-4F6F-B1EC-BAD76F1A6469}.Release|Mergedown.ActiveCfg = Release|Mergedown
		{5C449554-E0F9-4F6F-B1EC-BAD76F1A6469}.Release|Mergedown.Build.0 = Release|Mergedown
		{5C449554-E0F9-4F6F-B1EC-BAD76F1A6469}.Release|Vanilla.ActiveCfg = Release|Vanilla
		{5C449554-E0F9-4F6F-B1EC-BAD76F1A6469}.Release|Vanilla.Build.0 = Release|Vanilla
		{01184A60-E812-461A-97BF-8523723B68C4}.Debug|Mergedown.ActiveCfg = Debug|Mergedown
		{01184A60-E812-461A-97BF-8523723B68C4}.Debug|Mergedown.Build.0 = Debug|Mergedown
		{01184A60-E812-461A-97BF-8523723B68C4}.Debug|Vanilla.ActiveCfg = Debug|Vanilla
		{01184A60-E812-461A-97BF-8523723B68C4}.Debug|Vanilla.Build.0 = Debug|Vanilla
		{01184A60-E812-461A-97BF-8523723B68C4}.Release|Mergedown.ActiveCfg = Release|Mergedown
		{01184A60-E812-461A-97BF-8523723B68C4}.Release|Mergedown.Build.0 = Release|Mergedown
		{01184A60-E812-461A-97BF-8523723B68C4}.Release|Vanilla.ActiveCfg = Release|Vanilla
		{01184A60-E812-461A-97BF-8523723B68C4}.Release|Vanilla.Build.0 = Release|Vanilla
		{39240357-3820-4F3E-9D4C-51215C225388}.Debug|Mergedown.ActiveCfg = Debug|Mergedown
		{39240357-3820-4F3E-9D4C-51215C225388}.Debug|Mergedown.Build.0 = Debug|Mergedown
		{39240357-3820-4F3E-9D4C-51215C225388}.Debug|Vanilla.ActiveCfg = Debug|Vanilla
		{39240357-3820-4F3E-9D4C-51215C225388}.Debug|Vanilla.Build.0 = Debug|Vanilla
		{39240357-3820-4F3E-9D4C-51215C225388}.Release|Mergedown.ActiveCfg = Release|Mergedown
		{39240357-3820-4F3E-9D4C-51215C225388}.Release|Mergedown.Build.0 = Release|Mergedown
		{39240357-3820-4F3E-9D4C-51215C225388}.Release|Vanilla.ActiveCfg = Release|Vanilla
		{39240357-3820-4F3E-9D4C-51215C225388}.Release|Vanilla.Build.0 = Release|Vanilla
		{121FD801-8404-419F-BB58-47BED5737F04}.Debug|Mergedown.ActiveCfg = Debug|Mergedown
		{121FD801-8404-419F-BB58-47BED5737F04}.Debug|Mergedown.Build.0 = Debug|Mergedown
		{121FD801-8404-419F-BB58-47BED5737F04}.Debug|Vanilla.ActiveCfg = Debug|Vanilla
		{121FD801-8404-419F-BB58-47BED5737F04}.Debug|Vanilla.Build.0 = Debug|Vanilla
		{121FD801-8404-419F-BB58-47BED5737F04}.Release|Mergedown.ActiveCfg = Release|Mergedown
		{121FD801-8404-419F-BB58-47BED5737F04}.Release|Mergedown.Build.0 = Release|Mergedown
		{121FD801-8404-419F-BB58-47BED5737F04}.Release|Vanilla.ActiveCfg = Release|Vanilla
		{121FD801-8404-419F-BB58-47BED5737F04}.Release|Vanilla.Build.0 = Release|Vanilla
		{9F9A55F7-EB51-4CC3-8B99-9735F020217B}.Debug|Mergedown.ActiveCfg = Debug|Mergedown
		{9F9A55F7-EB51-4CC3-8B99-9735F020217B}.Debug|Mergedown.Build.0 = Debug|Mergedown
		{9F9A55F7-EB51-4CC3-8B99-9735F020217B}.Debug|Vanilla.ActiveCfg = Debug|Vanilla
		{9F9A55F7-EB51-4CC3-8B99-9735F020217B}.Debug|Vanilla.Build.0 = Debug|Vanilla
		{9F9A55F7-EB51-4CC3-8B99-9735F020217B}.Release|Mergedown.ActiveCfg = Release|Mergedown
		{9F9A55F7-EB51-4CC3-8B99-9735F020217B}.Release|Mergedown.Build.0 = Release|Mergedown
		{9F9A55F7-EB51-4CC3-8B99-9735F020217B}.Release|Vanilla.ActiveCfg = Release|Vanilla
		{9F9A55F7-EB51-4CC3-8B99-9735F020217B}.Release|Vanilla.Build.0 = Release|Vanilla
		{650A16F4-9A85-446B-B46A-2811715D4C6D}.Debug|Mergedown.ActiveCfg = Debug|Mergedown
		{650A16F4-9A85-446B-B46A-2811715D4C6D}.Debug|Mergedown.Build.0 = Debug|Mergedown
		{650A16F4-9A85-446B-B46A-2811715D4C6D}.Debug|Vanilla.ActiveCfg = Debug|Vanilla
		{650A16F4-9A85-446B-B46A-2811715D4C6D}.Debug|Vanilla.Build.0 = Debug|Vanilla
		{650A16F4-9A85-446B-B46A-2811715D4C6D}.Release|Mergedown.ActiveCfg = Release|Mergedown
		{650A16F4-9A85-446B-B46A-2811715D4C6D}.Release|Mergedown.Build.0 = Release|Mergedown
		{650A16F4-9A85-446B-B46A-2811715D4C6D}.Release|Vanilla.ActiveCfg = Release|Vanilla
		{650A16F4-9A85-446B-B46A-2811715D4C6D}.Release|Vanilla.Build.0 = Release|Vanilla
		{9F1CA3AB-F409-4F09-BC3B-D026A6E9FBDB}.Debug|Mergedown.ActiveCfg = Debug|Mergedown
		{9F1CA3AB-F409-4F09-BC3B-D026A6E9FBDB}.Debug|Mergedown.Build.0 = Debug|Mergedown
		{9F1CA3AB-F409-4F09-BC3B-D026A6E9FBDB}.Debug|Vanilla.ActiveCfg = Debug|Vanilla
		{9F1CA3AB-F409-4F09-BC3B-D026A6E9FBDB}.Debug|Vanilla.Build.0 = Debug|Vanilla
		{9F1CA3AB-F409-4F09-BC3B-D026A6E9FBDB}.Release|Mergedown.ActiveCfg = Release|Mergedown
		{9F1CA3AB-F409-4F09-BC3B-D026A6E9FBDB}.Release|Mergedown.Build.0 = Release|Mergedown
		{9F1CA3AB-F409-4F09-BC3B-D026A6E9FBDB}.Release|Vanilla.ActiveCfg = Release|Vanilla
		{9F1CA3AB-F409-4F09-BC3B-D026A6E9FBDB}.Release|Vanilla.Build.0 = Release|Vanilla
		{86E9BA14-F3B4-45B6-9DE6-537F6EF6EB30}.Debug|Mergedown.ActiveCfg = Debug|Mergedown
		{86E9BA14-F3B4-45B6-9DE6-537F6EF6EB30}.Debug|Mergedown.Build.0 = Debug|Mergedown
		{86E9BA14-F3B4-45B6-9DE6-537F6EF6EB30}.Debug|Vanilla.ActiveCfg = Debug|Vanilla
		{86E9BA14-F3B4-45B6-9DE6-537F6EF6EB30}.Debug|Vanilla.Build.0 = Debug|Vanilla
		{86E9BA14-F3B4-45B6-9DE6-537F6EF6EB30}.Release|Mergedown.ActiveCfg = Release|Mergedown
		{86E9BA14-F3B4-45B6-9DE6-537F6EF6EB30}.Release|Mergedown.Build.0 = Release|Mergedown
		{86E9BA14-F3B4-45B6-9DE6-537F6EF6EB30}.Release|Vanilla.ActiveCfg = Release|Vanilla
		{86E9BA14-F3B4-45B6-9DE6-537F6EF6EB30}.Release|Vanilla.Build.0 = Release|Vanilla
		{E367FD41-DCD7-4921-82A9-27783206D7BD}.Debug|Mergedown.ActiveCfg = Debug|Mergedown
		{E367FD41-DCD7-4921-82A9-27783206D7BD}.Debug|Mergedown.Build.0 = Debug|Mergedown
		{E367FD41-DCD7-4921-82A9-27783206D7BD}.Debug|Vanilla.ActiveCfg = Debug|Vanilla
		{E367FD41-DCD7-4921-82A9-27783206D7BD}.Debug|Vanilla.Build.0 = Debug|Vanilla
		{E367FD41-DCD7-4921-82A9-27783206D7BD}.Release|Mergedown.ActiveCfg = Release|Mergedown
		{E367FD41-DCD7-4921-82A9-27783206D7BD}.Release|Mergedown.Build.0 = Release|Mergedown
		{E367FD41-DCD7-4921-82A9-27783206D7BD}.Release|Vanilla.ActiveCfg = Release|Vanilla
		{E367FD41-DCD7-4921-82A9-27783206D7BD}.Release|Vanilla.Build.0 = Release|Vanilla
		{76F4CFB2-B40A-4C14-8842-4AE1C3F73A5D}.Debug|Mergedown.ActiveCfg = Debug|Mergedown
		{76F4CFB2-B40A-4C14-8842-4AE1C3F73A5D}.Debug|Mergedown.Build.0 = Debug|Mergedown
		{76F4CFB2-B40A-4C14-8842-4AE1C3F73A5D}.Debug|Vanilla.ActiveCfg = Debug|Vanilla
		{76F4CFB2-B40A-4C14-8842-4AE1C3F73A5D}.Debug|Vanilla.Build.0 = Debug|Vanilla
		{76F4CFB2-B40A-4C14-8842-4AE1C3F73A5D}.Release|Mergedown.ActiveCfg = Release|Mergedown
		{76F4CFB2-B40A-4C14-8842-4AE1C3F73A5D}.Release|Mergedown.Build.0 = Release|Mergedown
		{76F4CFB2-B40A-4C14-8842-4AE1C3F73A5D}.Release|Vanilla.ActiveCfg = Release|Vanilla
		{76F4CFB2-B40A-4C14-8842-4AE1C3F73A5D}.Release|Vanilla.Build.0 = Release|Vanilla
		{6D6A89D2-BC44-48CE-A057-BB29FC1A4D05}.Debug|Mergedown.ActiveCfg = Debug|Mergedown
		{6D6A89D2-BC44-48CE-A057-BB29FC1A4D05}.Debug|Mergedown.Build.0 = Debug|Mergedown
		{6D6A89D2-BC44-48CE-A057-BB29FC1A4D05}.Debug|Vanilla.ActiveCfg = Debug|Vanilla
		{6D6A89D2-BC44-48CE-A057-BB29FC1A4D05}.Debug|Vanilla.Build.0 = Debug|Vanilla
		{6D6A89D2-BC44-48CE-A057-BB29FC1A4D05}.Release|Mergedown.ActiveCfg = Release|Mergedown
		{6D6A89D2-BC44-48CE-A057-BB29FC1A4D05}.Release|Mergedown.Build.0 = Release|Mergedown
		{6D6A89D2-BC44-48CE-A057-BB29FC1A4D05}.Release|Vanilla.ActiveCfg = Release|Vanilla
		{6D6A89D2-BC44-48CE-A057-BB29FC1A4D05}.Release|Vanilla.Build.0 = Release|Vanilla
		{899F0603-8236-49E8-93E5-856FB540409C}.Debug|Mergedown.ActiveCfg = Debug|Mergedown
		{899F0603-8236-49E8-93E5-856FB540409C}.Debug|Mergedown.Build.0 = Debug|Mergedown
		{899F0603-8236-49E8-93E5-856FB540409C}.Debug|Vanilla.ActiveCfg = Debug|Vanilla
		{899F0603-8236-49E8-93E5-856FB540409C}.Debug|Vanilla.Build.0 = Debug|Vanilla
		{899F0603-8236-49E8-93E5-856FB540409C}.Release|Mergedown.ActiveCfg = Release|Mergedown
		{899F0603-8236-49E8-93E5-856FB540409C}.Release|Mergedown.Build.0 = Release|Mergedown
		{899F0603-8236-49E8-93E5-856FB540409C}.Release|Vanilla.ActiveCfg = Release|Vanilla
		{899F0603-8236-49E8-93E5-856FB540409C}.Release|Vanilla.Build.0 = Release|Vanilla
		{5031ADAF-C406-4EA0-8003-6C88A2A64802}.Debug|Mergedown.ActiveCfg = Debug|Mergedown
		{5031ADAF-C406-4EA0-8003-6C88A2A64802}.Debug|Mergedown.Build.0 = Debug|Mergedown
		{5031ADAF-C406-4EA0-8003-6C88A2A64802}.Debug|Vanilla.ActiveCfg = Debug|Vanilla
		{5031ADAF-C406-4EA0-8003-6C88A2A64802}.Debug|Vanilla.Build.0 = Debug|Vanilla
		{5031ADAF-C406-4EA0-8003-6C88A2A64802}.Release|Mergedown.ActiveCfg = Release|Mergedown
		{5031ADAF-C406-4EA0-8003-6C88A2A64802}.Release|Mergedown.Build.0 = Release|Mergedown
		{5031ADAF-C406-4EA0-8003-6C88A2A64802}.Release|Vanilla.ActiveCfg = Release|Vanilla
		{5031ADAF-C406-4EA0-8003-6C88A2A64802}.Release|Vanilla.Build.0 = Release|Vanilla
		{136F8525-F65C-4A92-BC9E-2F89ECAFD4E1}.Debug|Mergedown.ActiveCfg = Debug|Mergedown
		{136F8525-F65C-4A92-BC9E-2F89ECAFD4E1}.Debug|Mergedown.Build.0 = Debug|Mergedown
		{136F8525-F65C-4A92-BC9E-2F89ECAFD4E1}.Debug|Vanilla.ActiveCfg = Debug|Vanilla
		{136F8525-F65C-4A92-BC9E-2F89ECAFD4E1}.Debug|Vanilla.Build.0 = Debug|Vanilla
		{136F8525-F65C-4A92-BC9E-2F89ECAFD4E1}.Release|Mergedown.ActiveCfg = Release|Mergedown
		{136F8525-F65C-4A92-BC9E-2F89ECAFD4E1}.Release|Mergedown.Build.0 = Release|Mergedown
		{136F8525-F65C-4A92-BC9E-2F89ECAFD4E1}.Release|Vanilla.ActiveCfg = Release|Vanilla
		{136F8525-F65C-4A92-BC9E-2F89ECAFD4E1}.Release|Vanilla.Build.0 = Release|Vanilla
		{6E8902F8-2969-4A11-B2D2-C8644A00949D}.Debug|Mergedown.ActiveCfg = Debug|Mergedown
		{6E8902F8-2969-4A11-B2D2-C8644A00949D}.Debug|Mergedown.Build.0 = Debug|Mergedown
		{6E8902F8-2969-4A11-B2D2-C8644A00949D}.Debug|Vanilla.ActiveCfg = Debug|Vanilla
		{6E8902F8-2969-4A11-B2D2-C8644A00949D}.Debug|Vanilla.Build.0 = Debug|Vanilla
		{6E8902F8-2969-4A11-B2D2-C8644A00949D}.Release|Mergedown.ActiveCfg = Release|Mergedown
		{6E8902F8-2969-4A11-B2D2-C8644A00949D}.Release|Mergedown.Build.0 = Release|Mergedown
		{6E8902F8-2969-4A11-B2D2-C8644A00949D}.Release|Vanilla.ActiveCfg = Release|Vanilla
		{6E8902F8-2969-4A11-B2D2-C8644A00949D}.Release|Vanilla.Build.0 = Release|Vanilla
		{07BE03BD-84A8-4202-82A3-F64829B3D786}.Debug|Mergedown.ActiveCfg = Debug|Mergedown
		{07BE03BD-84A8-4202-82A3-F64829B3D786}.Debug|Mergedown.Build.0 = Debug|Mergedown
		{07BE03BD-84A8-4202-82A3-F64829B3D786}.Debug|Vanilla.ActiveCfg = Debug|Vanilla
		{07BE03BD-84A8-4202-82A3-F64829B3D786}.Release|Mergedown.ActiveCfg = Release|Mergedown
		{07BE03BD-84A8-4202-82A3-F64829B3D786}.Release|Mergedown.Build.0 = Release|Mergedown
		{07BE03BD-84A8-4202-82A3-F64829B3D786}.Release|Vanilla.ActiveCfg = Release|Vanilla
		{E327F5BD-CBF2-47D0-90C6-AE9C56E99B2F}.Debug|Mergedown.ActiveCfg = Debug|Mergedown
		{E327F5BD-CBF2-47D0-90C6-AE9C56E99B2F}.Debug|Mergedown.Build.0 = Debug|Mergedown
		{E327F5BD-CBF2-47D0-90C6-AE9C56E99B2F}.Debug|Vanilla.ActiveCfg = Debug|Vanilla
		{E327F5BD-CBF2-47D0-90C6-AE9C56E99B2F}.Debug|Vanilla.Build.0 = Debug|Vanilla
		{E327F5BD-CBF2-47D0-90C6-AE9C56E99B2F}.Release|Mergedown.ActiveCfg = Release|Mergedown
		{E327F5BD-CBF2-47D0-90C6-AE9C56E99B2F}.Release|Mergedown.Build.0 = Release|Mergedown
		{E327F5BD-CBF2-47D0-90C6-AE9C56E99B2F}.Release|Vanilla.ActiveCfg = Release|Vanilla
		{E327F5BD-CBF2-47D0-90C6-AE9C56E99B2F}.Release|Vanilla.Build.0 = Release|Vanilla
		{0153F668-C4B3-400B-A4AE-7B736337FDD4}.Debug|Mergedown.ActiveCfg = Debug|Mergedown
		{0153F668-C4B3-400B-A4AE-7B736337FDD4}.Debug|Mergedown.Build.0 = Debug|Mergedown
		{0153F668-C4B3-400B-A4AE-7B736337FDD4}.Debug|Vanilla.ActiveCfg = Debug|Vanilla
		{0153F668-C4B3-400B-A4AE-7B736337FDD4}.Debug|Vanilla.Build.0 = Debug|Vanilla
		{0153F668-C4B3-400B-A4AE-7B736337FDD4}.Release|Mergedown.ActiveCfg = Release|Mergedown
		{0153F668-C4B3-400B-A4AE-7B736337FDD4}.Release|Mergedown.Build.0 = Release|Mergedown
		{0153F668-C4B3-400B-A4AE-7B736337FDD4}.Release|Vanilla.ActiveCfg = Release|Vanilla
		{0153F668-C4B3-400B-A4AE-7B736337FDD4}.Release|Vanilla.Build.0 = Release|Vanilla
		{4603AB9B-32DF-46E2-9B18-8F990EE48859}.Debug|Mergedown.ActiveCfg = Debug|Mergedown
		{4603AB9B-32DF-46E2-9B18-8F990EE48859}.Debug|Mergedown.Build.0 = Debug|Mergedown
		{4603AB9B-32DF-46E2-9B18-8F990EE48859}.Debug|Vanilla.ActiveCfg = Debug|Vanilla
		{4603AB9B-32DF-46E2-9B18-8F990EE48859}.Debug|Vanilla.Build.0 = Debug|Vanilla
		{4603AB9B-32DF-46E2-9B18-8F990EE48859}.Release|Mergedown.ActiveCfg = Release|Mergedown
		{4603AB9B-32DF-46E2-9B18-8F990EE48859}.Release|Mergedown.Build.0 = Release|Mergedown
		{4603AB9B-32DF-46E2-9B18-8F990EE48859}.Release|Vanilla.ActiveCfg = Release|Vanilla
		{4603AB9B-32DF-46E2-9B18-8F990EE48859}.Release|Vanilla.Build.0 = Release|Vanilla
		{C5BE93CE-C278-45AE-8721-CAC6A46069B5}.Debug|Mergedown.ActiveCfg = Debug|Mergedown
		{C5BE93CE-C278-45AE-8721-CAC6A46069B5}.Debug|Mergedown.Build.0 = Debug|Mergedown
		{C5BE93CE-C278-45AE-8721-CAC6A46069B5}.Debug|Vanilla.ActiveCfg = Debug|Vanilla
		{C5BE93CE-C278-45AE-8721-CAC6A46069B5}.Debug|Vanilla.Build.0 = Debug|Vanilla
		{C5BE93CE-C278-45AE-8721-CAC6A46069B5}.Release|Mergedown.ActiveCfg = Release|Mergedown
		{C5BE93CE-C278-45AE-8721-CAC6A46069B5}.Release|Mergedown.Build.0 = Release|Mergedown
		{C5BE93CE-C278-45AE-8721-CAC6A46069B5}.Release|Vanilla.ActiveCfg = Release|Vanilla
		{C5BE93CE-C278-45AE-8721-CAC6A46069B5}.Release|Vanilla.Build.0 = Release|Vanilla
		{9E527206-D933-4885-9E44-A2763693990C}.Debug|Mergedown.ActiveCfg = Debug|Mergedown
		{9E527206-D933-4885-9E44-A2763693990C}.Debug|Mergedown.Build.0 = Debug|Mergedown
		{9E527206-D933-4885-9E44-A2763693990C}.Debug|Vanilla.ActiveCfg = Debug|Vanilla
		{9E527206-D933-4885-9E44-A2763693990C}.Debug|Vanilla.Build.0 = Debug|Vanilla
		{9E527206-D933-4885-9E44-A2763693990C}.Release|Mergedown.ActiveCfg = Release|Mergedown
		{9E527206-D933-4885-9E44-A2763693990C}.Release|Mergedown.Build.0 = Release|Mergedown
		{9E527206-D933-4885-9E44-A2763693990C}.Release|Vanilla.ActiveCfg = Release|Vanilla
		{9E527206-D933-4885-9E44-A2763693990C}.Release|Vanilla.Build.0 = Release|Vanilla
		{43EE900D-A651-4886-8F2C-EA9FA7768BC8}.Debug|Mergedown.ActiveCfg = Debug|Mergedown
		{43EE900D-A651-4886-8F2C-EA9FA7768BC8}.Debug|Mergedown.Build.0 = Debug|Mergedown
		{43EE900D-A651-4886-8F2C-EA9FA7768BC8}.Debug|Vanilla.ActiveCfg = Debug|Vanilla
		{43EE900D-A651-4886-8F2C-EA9FA7768BC8}.Debug|Vanilla.Build.0 = Debug|Vanilla
		{43EE900D-A651-4886-8F2C-EA9FA7768BC8}.Release|Mergedown.ActiveCfg = Release|Mergedown
		{43EE900D-A651-4886-8F2C-EA9FA7768BC8}.Release|Mergedown.Build.0 = Release|Mergedown
		{43EE900D-A651-4886-8F2C-EA9FA7768BC8}.Release|Vanilla.ActiveCfg = Release|Vanilla
		{43EE900D-A651-4886-8F2C-EA9FA7768BC8}.Release|Vanilla.Build.0 = Release|Vanilla
		{A60EDAB0-8BB4-407C-8C4A-7C35CA30F6A0}.Debug|Mergedown.ActiveCfg = Debug|Mergedown
		{A60EDAB0-8BB4-407C-8C4A-7C35CA30F6A0}.Debug|Mergedown.Build.0 = Debug|Mergedown
		{A60EDAB0-8BB4-407C-8C4A-7C35CA30F6A0}.Debug|Vanilla.ActiveCfg = Debug|Vanilla
		{A60EDAB0-8BB4-407C-8C4A-7C35CA30F6A0}.Debug|Vanilla.Build.0 = Debug|Vanilla
		{A60EDAB0-8BB4-407C-8C4A-7C35CA30F6A0}.Release|Mergedown.ActiveCfg = Release|Mergedown
		{A60EDAB0-8BB4-407C-8C4A-7C35CA30F6A0}.Release|Mergedown.Build.0 = Release|Mergedown
		{A60EDAB0-8BB4-407C-8C4A-7C35CA30F6A0}.Release|Vanilla.ActiveCfg = Release|Vanilla
		{A60EDAB0-8BB4-407C-8C4A-7C35CA30F6A0}.Release|Vanilla.Build.0 = Release|Vanilla
		{3E3493BE-CA52-4503-9D78-ACD2059FCA29}.Debug|Mergedown.ActiveCfg = Debug|Mergedown
		{3E3493BE-CA52-4503-9D78-ACD2059FCA29}.Debug|Mergedown.Build.0 = Debug|Mergedown
		{3E3493BE-CA52-4503-9D78-ACD2059FCA29}.Debug|Vanilla.ActiveCfg = Debug|Vanilla
		{3E3493BE-CA52-4503-9D78-ACD2059FCA29}.Debug|Vanilla.Build.0 = Debug|Vanilla
		{3E3493BE-CA52-4503-9D78-ACD2059FCA29}.Release|Mergedown.ActiveCfg = Release|Mergedown
		{3E3493BE-CA52-4503-9D78-ACD2059FCA29}.Release|Mergedown.Build.0 = Release|Mergedown
		{3E3493BE-CA52-4503-9D78-ACD2059FCA29}.Release|Vanilla.ActiveCfg = Release|Vanilla
		{3E3493BE-CA52-4503-9D78-ACD2059FCA29}.Release|Vanilla.Build.0 = Release|Vanilla
		{E7871310-6906-45FB-8FE4-47582B758644}.Debug|Mergedown.ActiveCfg = Debug|Mergedown
		{E7871310-6906-45FB-8FE4-47582B758644}.Debug|Mergedown.Build.0 = Debug|Mergedown
		{E7871310-6906-45FB-8FE4-47582B758644}.Debug|Vanilla.ActiveCfg = Debug|Vanilla
		{E7871310-6906-45FB-8FE4-47582B758644}.Debug|Vanilla.Build.0 = Debug|Vanilla
		{E7871310-6906-45FB-8FE4-47582B758644}.Release|Mergedown.ActiveCfg = Release|Mergedown
		{E7871310-6906-45FB-8FE4-47582B758644}.Release|Mergedown.Build.0 = Release|Mergedown
		{E7871310-6906-45FB-8FE4-47582B758644}.Release|Vanilla.ActiveCfg = Release|Vanilla
		{E7871310-6906-45FB-8FE4-47582B758644}.Release|Vanilla.Build.0 = Release|Vanilla
		{769785FD-B0CD-4363-9AD4-100BFF22E205}.Debug|Mergedown.ActiveCfg = Debug|Mergedown
		{769785FD-B0CD-4363-9AD4-100BFF22E205}.Debug|Mergedown.Build.0 = Debug|Mergedown
		{769785FD-B0CD-4363-9AD4-100BFF22E205}.Debug|Vanilla.ActiveCfg = Debug|Vanilla
		{769785FD-B0CD-4363-9AD4-100BFF22E205}.Debug|Vanilla.Build.0 = Debug|Vanilla
		{769785FD-B0CD-4363-9AD4-100BFF22E205}.Release|Mergedown.ActiveCfg = Release|Mergedown
		{769785FD-B0CD-4363-9AD4-100BFF22E205}.Release|Mergedown.Build.0 = Release|Mergedown
		{769785FD-B0CD-4363-9AD4-100BFF22E205}.Release|Vanilla.ActiveCfg = Release|Vanilla
		{769785FD-B0CD-4363-9AD4-100BFF22E205}.Release|Vanilla.Build.0 = Release|Vanilla
		{EF8C2C5E-03B7-46F9-B8B7-D6ED11170542}.Debug|Mergedown.ActiveCfg = Debug|Mergedown
		{EF8C2C5E-03B7-46F9-B8B7-D6ED11170542}.Debug|Vanilla.ActiveCfg = Debug|Vanilla
		{EF8C2C5E-03B7-46F9-B8B7-D6ED11170542}.Debug|Vanilla.Build.0 = Debug|Vanilla
		{EF8C2C5E-03B7-46F9-B8B7-D6ED11170542}.Release|Mergedown.ActiveCfg = Release|Mergedown
		{EF8C2C5E-03B7-46F9-B8B7-D6ED11170542}.Release|Mergedown.Build.0 = Release|Mergedown
		{EF8C2C5E-03B7-46F9-B8B7-D6ED11170542}.Release|Vanilla.ActiveCfg = Release|Vanilla
		{EF8C2C5E-03B7-46F9-B8B7-D6ED11170542}.Release|Vanilla.Build.0 = Release|Vanilla
		{775898D1-4014-49D4-902B-F6873BA86616}.Debug|Mergedown.ActiveCfg = Debug|Mergedown
		{775898D1-4014-49D4-902B-F6873BA86616}.Debug|Mergedown.Build.0 = Debug|Mergedown
		{775898D1-4014-49D4-902B-F6873BA86616}.Debug|Vanilla.ActiveCfg = Debug|Vanilla
		{775898D1-4014-49D4-902B-F6873BA86616}.Debug|Vanilla.Build.0 = Debug|Vanilla
		{775898D1-4014-49D4-902B-F6873BA86616}.Release|Mergedown.ActiveCfg = Release|Mergedown
		{775898D1-4014-49D4-902B-F6873BA86616}.Release|Mergedown.Build.0 = Release|Mergedown
		{775898D1-4014-49D4-902B-F6873BA86616}.Release|Vanilla.ActiveCfg = Release|Vanilla
		{775898D1-4014-49D4-902B-F6873BA86616}.Release|Vanilla.Build.0 = Release|Vanilla
		{F6BC965A-0B7C-4165-B3A5-F2D60D4CEA6B}.Debug|Mergedown.ActiveCfg = Debug|Mergedown
		{F6BC965A-0B7C-4165-B3A5-F2D60D4CEA6B}.Debug|Mergedown.Build.0 = Debug|Mergedown
		{F6BC965A-0B7C-4165-B3A5-F2D60D4CEA6B}.Debug|Vanilla.ActiveCfg = Debug|Vanilla
		{F6BC965A-0B7C-4165-B3A5-F2D60D4CEA6B}.Debug|Vanilla.Build.0 = Debug|Vanilla
		{F6BC965A-0B7C-4165-B3A5-F2D60D4CEA6B}.Release|Mergedown.ActiveCfg = Release|Mergedown
		{F6BC965A-0B7C-4165-B3A5-F2D60D4CEA6B}.Release|Mergedown.Build.0 = Release|Mergedown
		{F6BC965A-0B7C-4165-B3A5-F2D60D4CEA6B}.Release|Vanilla.ActiveCfg = Release|Vanilla
		{F6BC965A-0B7C-4165-B3A5-F2D60D4CEA6B}.Release|Vanilla.Build.0 = Release|Vanilla
		{F76C5A4D-B2AB-4DA5-A9A9-5B30D87971E0}.Debug|Mergedown.ActiveCfg = Debug|Mergedown
		{F76C5A4D-B2AB-4DA5-A9A9-5B30D87971E0}.Debug|Mergedown.Build.0 = Debug|Mergedown
		{F76C5A4D-B2AB-4DA5-A9A9-5B30D87971E0}.Debug|Vanilla.ActiveCfg = Debug|Vanilla
		{F76C5A4D-B2AB-4DA5-A9A9-5B30D87971E0}.Debug|Vanilla.Build.0 = Debug|Vanilla
		{F76C5A4D-B2AB-4DA5-A9A9-5B30D87971E0}.Release|Mergedown.ActiveCfg = Release|Mergedown
		{F76C5A4D-B2AB-4DA5-A9A9-5B30D87971E0}.Release|Mergedown.Build.0 = Release|Mergedown
		{F76C5A4D-B2AB-4DA5-A9A9-5B30D87971E0}.Release|Vanilla.ActiveCfg = Release|Vanilla
		{F76C5A4D-B2AB-4DA5-A9A9-5B30D87971E0}.Release|Vanilla.Build.0 = Release|Vanilla
		{2498660E-640B-4FC4-A8AF-313577427C25}.Debug|Mergedown.ActiveCfg = Debug|Mergedown
		{2498660E-640B-4FC4-A8AF-313577427C25}.Debug|Mergedown.Build.0 = Debug|Mergedown
		{2498660E-640B-4FC4-A8AF-313577427C25}.Debug|Vanilla.ActiveCfg = Debug|Vanilla
		{2498660E-640B-4FC4-A8AF-313577427C25}.Debug|Vanilla.Build.0 = Debug|Vanilla
		{2498660E-640B-4FC4-A8AF-313577427C25}.Release|Mergedown.ActiveCfg = Release|Mergedown
		{2498660E-640B-4FC4-A8AF-313577427C25}.Release|Mergedown.Build.0 = Release|Mergedown
		{2498660E-640B-4FC4-A8AF-313577427C25}.Release|Vanilla.ActiveCfg = Release|Vanilla
		{2498660E-640B-4FC4-A8AF-313577427C25}.Release|Vanilla.Build.0 = Release|Vanilla
		{135508AE-EF4B-49D6-882F-735B85B85B2B}.Debug|Mergedown.ActiveCfg = Debug|Mergedown
		{135508AE-EF4B-49D6-882F-735B85B85B2B}.Debug|Mergedown.Build.0 = Debug|Mergedown
		{135508AE-EF4B-49D6-882F-735B85B85B2B}.Debug|Vanilla.ActiveCfg = Debug|Vanilla
		{135508AE-EF4B-49D6-882F-735B85B85B2B}.Debug|Vanilla.Build.0 = Debug|Vanilla
		{135508AE-EF4B-49D6-882F-735B85B85B2B}.Release|Mergedown.ActiveCfg = Release|Mergedown
		{135508AE-EF4B-49D6-882F-735B85B85B2B}.Release|Mergedown.Build.0 = Release|Mergedown
		{135508AE-EF4B-49D6-882F-735B85B85B2B}.Release|Vanilla.ActiveCfg = Release|Vanilla
		{135508AE-EF4B-49D6-882F-735B85B85B2B}.Release|Vanilla.Build.0 = Release|Vanilla
		{E70A84A5-CF8F-4F7B-8D60-B0115553F9A9}.Debug|Mergedown.ActiveCfg = Debug|Mergedown
		{E70A84A5-CF8F-4F7B-8D60-B0115553F9A9}.Debug|Mergedown.Build.0 = Debug|Mergedown
		{E70A84A5-CF8F-4F7B-8D60-B0115553F9A9}.Debug|Vanilla.ActiveCfg = Debug|Vanilla
		{E70A84A5-CF8F-4F7B-8D60-B0115553F9A9}.Debug|Vanilla.Build.0 = Debug|Vanilla
		{E70A84A5-CF8F-4F7B-8D60-B0115553F9A9}.Release|Mergedown.ActiveCfg = Release|Mergedown
		{E70A84A5-CF8F-4F7B-8D60-B0115553F9A9}.Release|Mergedown.Build.0 = Release|Mergedown
		{E70A84A5-CF8F-4F7B-8D60-B0115553F9A9}.Release|Vanilla.ActiveCfg = Release|Vanilla
		{E70A84A5-CF8F-4F7B-8D60-B0115553F9A9}.Release|Vanilla.Build.0 = Release|Vanilla
	EndGlobalSection
	GlobalSection(SolutionProperties) = preSolution
		HideSolutionNode = FALSE
	EndGlobalSection
	GlobalSection(ExtensibilityGlobals) = postSolution
		SolutionGuid = {05AD4341-9C99-4998-8BEC-CFBB218B464B}
	EndGlobalSection
EndGlobal
