
Microsoft Visual Studio Solution File, Format Version 12.00
# Visual Studio Version 16
VisualStudioVersion = 16.0.29201.188
MinimumVisualStudioVersion = 10.0.40219.1
Project("{9A19103F-16F7-4668-BE54-9A1E7A4F7556}") = "PLib", "PLib\PLib.csproj", "{B6D056B5-B658-4E93-8AE2-86069196B494}"
EndProject
Project("{9A19103F-16F7-4668-BE54-9A1E7A4F7556}") = "CritterInventory", "CritterInventory\CritterInventory.csproj", "{0E69A516-4440-4B16-880F-44D8F297600E}"
EndProject
Project("{9A19103F-16F7-4668-BE54-9A1E7A4F7556}") = "Claustrophobia", "Claustrophobia\Claustrophobia.csproj", "{8636B2F7-E6A1-44A3-8927-12C6368C2624}"
EndProject
Project("{9A19103F-16F7-4668-BE54-9A1E7A4F7556}") = "BulkSettingsChange", "BulkSettingsChange\BulkSettingsChange.csproj", "{7EE6FD5E-3125-4B7B-A05B-51B5A65B2C40}"
EndProject
Project("{9A19103F-16F7-4668-BE54-9A1E7A4F7556}") = "FallingSand", "FallingSand\FallingSand.csproj", "{E4030A99-A84E-4B60-AF54-926DE71F1A68}"
EndProject
Project("{9A19103F-16F7-4668-BE54-9A1E7A4F7556}") = "SweepByType", "SweepByType\SweepByType.csproj", "{50C09A12-BAA5-48EF-B26E-9FD859DEBC59}"
EndProject
Project("{9A19103F-16F7-4668-BE54-9A1E7A4F7556}") = "DeselectNewMaterials", "DeselectNewMaterials\DeselectNewMaterials.csproj", "{AD1515FF-30EA-4422-86E2-BA5482D1ECA5}"
EndProject
Project("{9A19103F-16F7-4668-BE54-9A1E7A4F7556}") = "FastSave", "FastSave\FastSave.csproj", "{14774678-98BE-43FC-B3DA-8345A514CF52}"
EndProject
Project("{9A19103F-16F7-4668-BE54-9A1E7A4F7556}") = "EfficientFetch", "EfficientFetch\EfficientFetch.csproj", "{8F30AB5F-8AC3-44D3-ABEC-0BCC17FBD775}"
EndProject
Project("{9A19103F-16F7-4668-BE54-9A1E7A4F7556}") = "DecorReimagined", "DecorReimagined\DecorReimagined.csproj", "{A8477153-3849-4EF4-8A59-00B6B27F747F}"
EndProject
Project("{9A19103F-16F7-4668-BE54-9A1E7A4F7556}") = "QueueForSink", "QueueForSink\QueueForSink.csproj", "{5F7960C6-558C-4258-9DAD-1443BD2D17D4}"
EndProject
Project("{9A19103F-16F7-4668-BE54-9A1E7A4F7556}") = "Challenge100K", "Challenge100K\Challenge100K.csproj", "{A509A4BA-68E0-4C85-AA0E-5AB4A64D503B}"
EndProject
Project("{9A19103F-16F7-4668-BE54-9A1E7A4F7556}") = "SmartPumps", "SmartPumps\SmartPumps.csproj", "{E364DF8A-73B5-4AF7-AC34-230BFA1E84B1}"
EndProject
Project("{9A19103F-16F7-4668-BE54-9A1E7A4F7556}") = "ElementDict", "ElementDict\ElementDict.csproj", "{1DDF3C07-4FDC-4F8D-B998-14229938E097}"
EndProject
Project("{9A19103F-16F7-4668-BE54-9A1E7A4F7556}") = "ResearchQueue", "ResearchQueue\ResearchQueue.csproj", "{5E9C5B40-C5B0-4F39-9950-4D0E350185AA}"
EndProject
Project("{9A19103F-16F7-4668-BE54-9A1E7A4F7556}") = "TraitRework", "TraitRework\TraitRework.csproj", "{89F93E0F-394A-4914-9050-B8B278A05245}"
EndProject
Project("{9A19103F-16F7-4668-BE54-9A1E7A4F7556}") = "StarmapQueue", "StarmapQueue\StarmapQueue.csproj", "{C55DDC3F-B911-43E3-BBF8-5C7147D1CE90}"
EndProject
Project("{9A19103F-16F7-4668-BE54-9A1E7A4F7556}") = "FoodTooltip", "FoodTooltip\FoodTooltip.csproj", "{CFE40396-D97A-4904-B13A-760D28E3EB31}"
EndProject
Project("{9A19103F-16F7-4668-BE54-9A1E7A4F7556}") = "Resculpt", "Resculpt\Resculpt.csproj", "{74F922E7-30FA-4F88-B599-4ABBCAEB6938}"
EndProject
Project("{9A19103F-16F7-4668-BE54-9A1E7A4F7556}") = "SandboxTools", "SandboxTools\SandboxTools.csproj", "{E7546BA6-2143-43A2-AE25-01899D7D8396}"
EndProject
Project("{9A19103F-16F7-4668-BE54-9A1E7A4F7556}") = "ThermalPlate", "ThermalPlate\ThermalPlate.csproj", "{3DD95B2F-897D-49CA-BAB7-168C8A19B26B}"
EndProject
Project("{9A19103F-16F7-4668-BE54-9A1E7A4F7556}") = "ShowRange", "ShowRange\ShowRange.csproj", "{F7519F98-94BC-491C-9E99-48A7670FAF88}"
EndProject
Project("{9A19103F-16F7-4668-BE54-9A1E7A4F7556}") = "StockBugFix", "StockBugFix\StockBugFix.csproj", "{99C7BEC1-7837-419C-BA0A-9CFA1DD8CD63}"
EndProject
Project("{9A19103F-16F7-4668-BE54-9A1E7A4F7556}") = "TileTempSensor", "TileTempSensor\TileTempSensor.csproj", "{5C449554-E0F9-4F6F-B1EC-BAD76F1A6469}"
EndProject
Project("{9A19103F-16F7-4668-BE54-9A1E7A4F7556}") = "ThermalTooltips", "ThermalTooltips\ThermalTooltips.csproj", "{01184A60-E812-461A-97BF-8523723B68C4}"
EndProject
Project("{9A19103F-16F7-4668-BE54-9A1E7A4F7556}") = "PLibOptions", "PLibOptions\PLibOptions.csproj", "{0BED6413-DABC-4349-B047-547F4E125C3F}"
EndProject
Project("{9A19103F-16F7-4668-BE54-9A1E7A4F7556}") = "MoreAchievements", "MoreAchievements\MoreAchievements.csproj", "{39240357-3820-4F3E-9D4C-51215C225388}"
EndProject
Project("{9A19103F-16F7-4668-BE54-9A1E7A4F7556}") = "DebugNotIncluded", "DebugNotIncluded\DebugNotIncluded.csproj", "{121FD801-8404-419F-BB58-47BED5737F04}"
EndProject
Project("{9A19103F-16F7-4668-BE54-9A1E7A4F7556}") = "AirlockDoor", "AirlockDoor\AirlockDoor.csproj", "{9F9A55F7-EB51-4CC3-8B99-9735F020217B}"
EndProject
Project("{9A19103F-16F7-4668-BE54-9A1E7A4F7556}") = "ModUpdateDate", "ModUpdateDate\ModUpdateDate.csproj", "{650A16F4-9A85-446B-B46A-2811715D4C6D}"
EndProject
Project("{9A19103F-16F7-4668-BE54-9A1E7A4F7556}") = "ToastControl", "ToastControl\ToastControl.csproj", "{9F1CA3AB-F409-4F09-BC3B-D026A6E9FBDB}"
EndProject
Project("{9A19103F-16F7-4668-BE54-9A1E7A4F7556}") = "CleanDrop", "CleanDrop\CleanDrop.csproj", "{86E9BA14-F3B4-45B6-9DE6-537F6EF6EB30}"
EndProject
Project("{9A19103F-16F7-4668-BE54-9A1E7A4F7556}") = "AIImprovements", "AIImprovements\AIImprovements.csproj", "{E367FD41-DCD7-4921-82A9-27783206D7BD}"
EndProject
Project("{9A19103F-16F7-4668-BE54-9A1E7A4F7556}") = "BuildStraightUp", "BuildStraightUp\BuildStraightUp.csproj", "{76F4CFB2-B40A-4C14-8842-4AE1C3F73A5D}"
EndProject
Project("{9A19103F-16F7-4668-BE54-9A1E7A4F7556}") = "OldPipeColor", "OldPipeColor\OldPipeColor.csproj", "{6D6A89D2-BC44-48CE-A057-BB29FC1A4D05}"
EndProject
Project("{FAE04EC0-301F-11D3-BF4B-00C04F79EFBC}") = "ResourcesInMotion", "ResourcesInMotion\ResourcesInMotion.csproj", "{3F4A0B6E-1C64-41D4-A7CA-BEE93CA95401}"
EndProject
Project("{9A19103F-16F7-4668-BE54-9A1E7A4F7556}") = "NotEnoughTags", "NotEnoughTags\NotEnoughTags.csproj", "{899F0603-8236-49E8-93E5-856FB540409C}"
EndProject
Project("{FAE04EC0-301F-11D3-BF4B-00C04F79EFBC}") = "FastTrack", "FastTrack\FastTrack.csproj", "{5031ADAF-C406-4EA0-8003-6C88A2A64802}"
EndProject
Project("{FAE04EC0-301F-11D3-BF4B-00C04F79EFBC}") = "NoSensorLimits", "NoSensorLimits\NoSensorLimits.csproj", "{136F8525-F65C-4A92-BC9E-2F89ECAFD4E1}"
EndProject
Project("{FAE04EC0-301F-11D3-BF4B-00C04F79EFBC}") = "DLCModEnabler", "DLCModEnabler\DLCModEnabler.csproj", "{C9E984E2-0229-4389-8942-397EC1EEFF20}"
EndProject
Project("{FAE04EC0-301F-11D3-BF4B-00C04F79EFBC}") = "FinishTasks", "FinishTasks\FinishTasks.csproj", "{6E8902F8-2969-4A11-B2D2-C8644A00949D}"
EndProject
Project("{FAE04EC0-301F-11D3-BF4B-00C04F79EFBC}") = "NoSplashScreen", "NoSplashScreen\NoSplashScreen.csproj", "{3052F9D5-C7C9-471A-96BA-8E14378CA3DF}"
EndProject
Project("{FAE04EC0-301F-11D3-BF4B-00C04F79EFBC}") = "MooReproduction", "MooReproduction\MooReproduction.csproj", "{07BE03BD-84A8-4202-82A3-F64829B3D786}"
EndProject
Project("{FAE04EC0-301F-11D3-BF4B-00C04F79EFBC}") = "WorkshopProfiles", "WorkshopProfiles\WorkshopProfiles.csproj", "{E327F5BD-CBF2-47D0-90C6-AE9C56E99B2F}"
EndProject
Global
	GlobalSection(SolutionConfigurationPlatforms) = preSolution
		Debug|Any CPU = Debug|Any CPU
		Release|Any CPU = Release|Any CPU
	EndGlobalSection
	GlobalSection(ProjectConfigurationPlatforms) = postSolution
		{B6D056B5-B658-4E93-8AE2-86069196B494}.Debug|Any CPU.ActiveCfg = Debug|Any CPU
		{B6D056B5-B658-4E93-8AE2-86069196B494}.Debug|Any CPU.Build.0 = Debug|Any CPU
		{B6D056B5-B658-4E93-8AE2-86069196B494}.Release|Any CPU.ActiveCfg = Release|Any CPU
		{B6D056B5-B658-4E93-8AE2-86069196B494}.Release|Any CPU.Build.0 = Release|Any CPU
		{0E69A516-4440-4B16-880F-44D8F297600E}.Debug|Any CPU.ActiveCfg = Debug|Any CPU
		{0E69A516-4440-4B16-880F-44D8F297600E}.Debug|Any CPU.Build.0 = Debug|Any CPU
		{0E69A516-4440-4B16-880F-44D8F297600E}.Release|Any CPU.ActiveCfg = Release|Any CPU
		{0E69A516-4440-4B16-880F-44D8F297600E}.Release|Any CPU.Build.0 = Release|Any CPU
		{8636B2F7-E6A1-44A3-8927-12C6368C2624}.Debug|Any CPU.ActiveCfg = Debug|Any CPU
		{8636B2F7-E6A1-44A3-8927-12C6368C2624}.Debug|Any CPU.Build.0 = Debug|Any CPU
		{8636B2F7-E6A1-44A3-8927-12C6368C2624}.Release|Any CPU.ActiveCfg = Release|Any CPU
		{8636B2F7-E6A1-44A3-8927-12C6368C2624}.Release|Any CPU.Build.0 = Release|Any CPU
		{7EE6FD5E-3125-4B7B-A05B-51B5A65B2C40}.Debug|Any CPU.ActiveCfg = Debug|Any CPU
		{7EE6FD5E-3125-4B7B-A05B-51B5A65B2C40}.Debug|Any CPU.Build.0 = Debug|Any CPU
		{7EE6FD5E-3125-4B7B-A05B-51B5A65B2C40}.Release|Any CPU.ActiveCfg = Release|Any CPU
		{7EE6FD5E-3125-4B7B-A05B-51B5A65B2C40}.Release|Any CPU.Build.0 = Release|Any CPU
		{E4030A99-A84E-4B60-AF54-926DE71F1A68}.Debug|Any CPU.ActiveCfg = Debug|Any CPU
		{E4030A99-A84E-4B60-AF54-926DE71F1A68}.Debug|Any CPU.Build.0 = Debug|Any CPU
		{E4030A99-A84E-4B60-AF54-926DE71F1A68}.Release|Any CPU.ActiveCfg = Release|Any CPU
		{E4030A99-A84E-4B60-AF54-926DE71F1A68}.Release|Any CPU.Build.0 = Release|Any CPU
		{50C09A12-BAA5-48EF-B26E-9FD859DEBC59}.Debug|Any CPU.ActiveCfg = Debug|Any CPU
		{50C09A12-BAA5-48EF-B26E-9FD859DEBC59}.Debug|Any CPU.Build.0 = Debug|Any CPU
		{50C09A12-BAA5-48EF-B26E-9FD859DEBC59}.Release|Any CPU.ActiveCfg = Release|Any CPU
		{50C09A12-BAA5-48EF-B26E-9FD859DEBC59}.Release|Any CPU.Build.0 = Release|Any CPU
		{AD1515FF-30EA-4422-86E2-BA5482D1ECA5}.Debug|Any CPU.ActiveCfg = Debug|Any CPU
		{AD1515FF-30EA-4422-86E2-BA5482D1ECA5}.Debug|Any CPU.Build.0 = Debug|Any CPU
		{AD1515FF-30EA-4422-86E2-BA5482D1ECA5}.Release|Any CPU.ActiveCfg = Release|Any CPU
		{AD1515FF-30EA-4422-86E2-BA5482D1ECA5}.Release|Any CPU.Build.0 = Release|Any CPU
		{14774678-98BE-43FC-B3DA-8345A514CF52}.Debug|Any CPU.ActiveCfg = Debug|Any CPU
		{14774678-98BE-43FC-B3DA-8345A514CF52}.Debug|Any CPU.Build.0 = Debug|Any CPU
		{14774678-98BE-43FC-B3DA-8345A514CF52}.Release|Any CPU.ActiveCfg = Release|Any CPU
		{14774678-98BE-43FC-B3DA-8345A514CF52}.Release|Any CPU.Build.0 = Release|Any CPU
		{8F30AB5F-8AC3-44D3-ABEC-0BCC17FBD775}.Debug|Any CPU.ActiveCfg = Debug|Any CPU
		{8F30AB5F-8AC3-44D3-ABEC-0BCC17FBD775}.Debug|Any CPU.Build.0 = Debug|Any CPU
		{8F30AB5F-8AC3-44D3-ABEC-0BCC17FBD775}.Release|Any CPU.ActiveCfg = Release|Any CPU
		{8F30AB5F-8AC3-44D3-ABEC-0BCC17FBD775}.Release|Any CPU.Build.0 = Release|Any CPU
		{A8477153-3849-4EF4-8A59-00B6B27F747F}.Debug|Any CPU.ActiveCfg = Debug|Any CPU
		{A8477153-3849-4EF4-8A59-00B6B27F747F}.Debug|Any CPU.Build.0 = Debug|Any CPU
		{A8477153-3849-4EF4-8A59-00B6B27F747F}.Release|Any CPU.ActiveCfg = Release|Any CPU
		{A8477153-3849-4EF4-8A59-00B6B27F747F}.Release|Any CPU.Build.0 = Release|Any CPU
		{5F7960C6-558C-4258-9DAD-1443BD2D17D4}.Debug|Any CPU.ActiveCfg = Debug|Any CPU
		{5F7960C6-558C-4258-9DAD-1443BD2D17D4}.Debug|Any CPU.Build.0 = Debug|Any CPU
		{5F7960C6-558C-4258-9DAD-1443BD2D17D4}.Release|Any CPU.ActiveCfg = Release|Any CPU
		{5F7960C6-558C-4258-9DAD-1443BD2D17D4}.Release|Any CPU.Build.0 = Release|Any CPU
		{A509A4BA-68E0-4C85-AA0E-5AB4A64D503B}.Debug|Any CPU.ActiveCfg = Debug|Any CPU
		{A509A4BA-68E0-4C85-AA0E-5AB4A64D503B}.Debug|Any CPU.Build.0 = Debug|Any CPU
		{A509A4BA-68E0-4C85-AA0E-5AB4A64D503B}.Release|Any CPU.ActiveCfg = Release|Any CPU
		{A509A4BA-68E0-4C85-AA0E-5AB4A64D503B}.Release|Any CPU.Build.0 = Release|Any CPU
		{E364DF8A-73B5-4AF7-AC34-230BFA1E84B1}.Debug|Any CPU.ActiveCfg = Debug|Any CPU
		{E364DF8A-73B5-4AF7-AC34-230BFA1E84B1}.Debug|Any CPU.Build.0 = Debug|Any CPU
		{E364DF8A-73B5-4AF7-AC34-230BFA1E84B1}.Release|Any CPU.ActiveCfg = Release|Any CPU
		{E364DF8A-73B5-4AF7-AC34-230BFA1E84B1}.Release|Any CPU.Build.0 = Release|Any CPU
		{1DDF3C07-4FDC-4F8D-B998-14229938E097}.Debug|Any CPU.ActiveCfg = Debug|Any CPU
		{1DDF3C07-4FDC-4F8D-B998-14229938E097}.Debug|Any CPU.Build.0 = Debug|Any CPU
		{1DDF3C07-4FDC-4F8D-B998-14229938E097}.Release|Any CPU.ActiveCfg = Release|Any CPU
		{1DDF3C07-4FDC-4F8D-B998-14229938E097}.Release|Any CPU.Build.0 = Release|Any CPU
		{5E9C5B40-C5B0-4F39-9950-4D0E350185AA}.Debug|Any CPU.ActiveCfg = Debug|Any CPU
		{5E9C5B40-C5B0-4F39-9950-4D0E350185AA}.Debug|Any CPU.Build.0 = Debug|Any CPU
		{5E9C5B40-C5B0-4F39-9950-4D0E350185AA}.Release|Any CPU.ActiveCfg = Release|Any CPU
		{5E9C5B40-C5B0-4F39-9950-4D0E350185AA}.Release|Any CPU.Build.0 = Release|Any CPU
		{89F93E0F-394A-4914-9050-B8B278A05245}.Debug|Any CPU.ActiveCfg = Debug|Any CPU
		{89F93E0F-394A-4914-9050-B8B278A05245}.Debug|Any CPU.Build.0 = Debug|Any CPU
		{89F93E0F-394A-4914-9050-B8B278A05245}.Release|Any CPU.ActiveCfg = Release|Any CPU
		{89F93E0F-394A-4914-9050-B8B278A05245}.Release|Any CPU.Build.0 = Release|Any CPU
		{C55DDC3F-B911-43E3-BBF8-5C7147D1CE90}.Debug|Any CPU.ActiveCfg = Debug|Any CPU
		{C55DDC3F-B911-43E3-BBF8-5C7147D1CE90}.Debug|Any CPU.Build.0 = Debug|Any CPU
		{C55DDC3F-B911-43E3-BBF8-5C7147D1CE90}.Release|Any CPU.ActiveCfg = Release|Any CPU
		{C55DDC3F-B911-43E3-BBF8-5C7147D1CE90}.Release|Any CPU.Build.0 = Release|Any CPU
		{CFE40396-D97A-4904-B13A-760D28E3EB31}.Debug|Any CPU.ActiveCfg = Debug|Any CPU
		{CFE40396-D97A-4904-B13A-760D28E3EB31}.Debug|Any CPU.Build.0 = Debug|Any CPU
		{CFE40396-D97A-4904-B13A-760D28E3EB31}.Release|Any CPU.ActiveCfg = Release|Any CPU
		{CFE40396-D97A-4904-B13A-760D28E3EB31}.Release|Any CPU.Build.0 = Release|Any CPU
		{74F922E7-30FA-4F88-B599-4ABBCAEB6938}.Debug|Any CPU.ActiveCfg = Debug|Any CPU
		{74F922E7-30FA-4F88-B599-4ABBCAEB6938}.Debug|Any CPU.Build.0 = Debug|Any CPU
		{74F922E7-30FA-4F88-B599-4ABBCAEB6938}.Release|Any CPU.ActiveCfg = Release|Any CPU
		{74F922E7-30FA-4F88-B599-4ABBCAEB6938}.Release|Any CPU.Build.0 = Release|Any CPU
		{E7546BA6-2143-43A2-AE25-01899D7D8396}.Debug|Any CPU.ActiveCfg = Debug|Any CPU
		{E7546BA6-2143-43A2-AE25-01899D7D8396}.Debug|Any CPU.Build.0 = Debug|Any CPU
		{E7546BA6-2143-43A2-AE25-01899D7D8396}.Release|Any CPU.ActiveCfg = Release|Any CPU
		{E7546BA6-2143-43A2-AE25-01899D7D8396}.Release|Any CPU.Build.0 = Release|Any CPU
		{3DD95B2F-897D-49CA-BAB7-168C8A19B26B}.Debug|Any CPU.ActiveCfg = Debug|Any CPU
		{3DD95B2F-897D-49CA-BAB7-168C8A19B26B}.Debug|Any CPU.Build.0 = Debug|Any CPU
		{3DD95B2F-897D-49CA-BAB7-168C8A19B26B}.Release|Any CPU.ActiveCfg = Release|Any CPU
		{3DD95B2F-897D-49CA-BAB7-168C8A19B26B}.Release|Any CPU.Build.0 = Release|Any CPU
		{F7519F98-94BC-491C-9E99-48A7670FAF88}.Debug|Any CPU.ActiveCfg = Debug|Any CPU
		{F7519F98-94BC-491C-9E99-48A7670FAF88}.Debug|Any CPU.Build.0 = Debug|Any CPU
		{F7519F98-94BC-491C-9E99-48A7670FAF88}.Release|Any CPU.ActiveCfg = Release|Any CPU
		{F7519F98-94BC-491C-9E99-48A7670FAF88}.Release|Any CPU.Build.0 = Release|Any CPU
		{99C7BEC1-7837-419C-BA0A-9CFA1DD8CD63}.Debug|Any CPU.ActiveCfg = Debug|Any CPU
		{99C7BEC1-7837-419C-BA0A-9CFA1DD8CD63}.Debug|Any CPU.Build.0 = Debug|Any CPU
		{99C7BEC1-7837-419C-BA0A-9CFA1DD8CD63}.Release|Any CPU.ActiveCfg = Release|Any CPU
		{99C7BEC1-7837-419C-BA0A-9CFA1DD8CD63}.Release|Any CPU.Build.0 = Release|Any CPU
		{5C449554-E0F9-4F6F-B1EC-BAD76F1A6469}.Debug|Any CPU.ActiveCfg = Debug|Any CPU
		{5C449554-E0F9-4F6F-B1EC-BAD76F1A6469}.Debug|Any CPU.Build.0 = Debug|Any CPU
		{5C449554-E0F9-4F6F-B1EC-BAD76F1A6469}.Release|Any CPU.ActiveCfg = Release|Any CPU
		{5C449554-E0F9-4F6F-B1EC-BAD76F1A6469}.Release|Any CPU.Build.0 = Release|Any CPU
		{01184A60-E812-461A-97BF-8523723B68C4}.Debug|Any CPU.ActiveCfg = Debug|Any CPU
		{01184A60-E812-461A-97BF-8523723B68C4}.Debug|Any CPU.Build.0 = Debug|Any CPU
		{01184A60-E812-461A-97BF-8523723B68C4}.Release|Any CPU.ActiveCfg = Release|Any CPU
		{01184A60-E812-461A-97BF-8523723B68C4}.Release|Any CPU.Build.0 = Release|Any CPU
		{0BED6413-DABC-4349-B047-547F4E125C3F}.Debug|Any CPU.ActiveCfg = Debug|Any CPU
		{0BED6413-DABC-4349-B047-547F4E125C3F}.Debug|Any CPU.Build.0 = Debug|Any CPU
		{0BED6413-DABC-4349-B047-547F4E125C3F}.Release|Any CPU.ActiveCfg = Release|Any CPU
		{0BED6413-DABC-4349-B047-547F4E125C3F}.Release|Any CPU.Build.0 = Release|Any CPU
		{39240357-3820-4F3E-9D4C-51215C225388}.Debug|Any CPU.ActiveCfg = Debug|Any CPU
		{39240357-3820-4F3E-9D4C-51215C225388}.Debug|Any CPU.Build.0 = Debug|Any CPU
		{39240357-3820-4F3E-9D4C-51215C225388}.Release|Any CPU.ActiveCfg = Release|Any CPU
		{39240357-3820-4F3E-9D4C-51215C225388}.Release|Any CPU.Build.0 = Release|Any CPU
		{121FD801-8404-419F-BB58-47BED5737F04}.Debug|Any CPU.ActiveCfg = Debug|Any CPU
		{121FD801-8404-419F-BB58-47BED5737F04}.Debug|Any CPU.Build.0 = Debug|Any CPU
		{121FD801-8404-419F-BB58-47BED5737F04}.Release|Any CPU.ActiveCfg = Release|Any CPU
		{121FD801-8404-419F-BB58-47BED5737F04}.Release|Any CPU.Build.0 = Release|Any CPU
		{9F9A55F7-EB51-4CC3-8B99-9735F020217B}.Debug|Any CPU.ActiveCfg = Debug|Any CPU
		{9F9A55F7-EB51-4CC3-8B99-9735F020217B}.Debug|Any CPU.Build.0 = Debug|Any CPU
		{9F9A55F7-EB51-4CC3-8B99-9735F020217B}.Release|Any CPU.ActiveCfg = Release|Any CPU
		{9F9A55F7-EB51-4CC3-8B99-9735F020217B}.Release|Any CPU.Build.0 = Release|Any CPU
		{650A16F4-9A85-446B-B46A-2811715D4C6D}.Debug|Any CPU.ActiveCfg = Debug|Any CPU
		{650A16F4-9A85-446B-B46A-2811715D4C6D}.Debug|Any CPU.Build.0 = Debug|Any CPU
		{650A16F4-9A85-446B-B46A-2811715D4C6D}.Release|Any CPU.ActiveCfg = Release|Any CPU
		{650A16F4-9A85-446B-B46A-2811715D4C6D}.Release|Any CPU.Build.0 = Release|Any CPU
		{9F1CA3AB-F409-4F09-BC3B-D026A6E9FBDB}.Debug|Any CPU.ActiveCfg = Debug|Any CPU
		{9F1CA3AB-F409-4F09-BC3B-D026A6E9FBDB}.Debug|Any CPU.Build.0 = Debug|Any CPU
		{9F1CA3AB-F409-4F09-BC3B-D026A6E9FBDB}.Release|Any CPU.ActiveCfg = Release|Any CPU
		{9F1CA3AB-F409-4F09-BC3B-D026A6E9FBDB}.Release|Any CPU.Build.0 = Release|Any CPU
		{86E9BA14-F3B4-45B6-9DE6-537F6EF6EB30}.Debug|Any CPU.ActiveCfg = Debug|Any CPU
		{86E9BA14-F3B4-45B6-9DE6-537F6EF6EB30}.Debug|Any CPU.Build.0 = Debug|Any CPU
		{86E9BA14-F3B4-45B6-9DE6-537F6EF6EB30}.Release|Any CPU.ActiveCfg = Release|Any CPU
		{86E9BA14-F3B4-45B6-9DE6-537F6EF6EB30}.Release|Any CPU.Build.0 = Release|Any CPU
		{E367FD41-DCD7-4921-82A9-27783206D7BD}.Debug|Any CPU.ActiveCfg = Debug|Any CPU
		{E367FD41-DCD7-4921-82A9-27783206D7BD}.Debug|Any CPU.Build.0 = Debug|Any CPU
		{E367FD41-DCD7-4921-82A9-27783206D7BD}.Release|Any CPU.ActiveCfg = Release|Any CPU
		{E367FD41-DCD7-4921-82A9-27783206D7BD}.Release|Any CPU.Build.0 = Release|Any CPU
		{76F4CFB2-B40A-4C14-8842-4AE1C3F73A5D}.Debug|Any CPU.ActiveCfg = Debug|Any CPU
		{76F4CFB2-B40A-4C14-8842-4AE1C3F73A5D}.Debug|Any CPU.Build.0 = Debug|Any CPU
		{76F4CFB2-B40A-4C14-8842-4AE1C3F73A5D}.Release|Any CPU.ActiveCfg = Release|Any CPU
		{76F4CFB2-B40A-4C14-8842-4AE1C3F73A5D}.Release|Any CPU.Build.0 = Release|Any CPU
		{6D6A89D2-BC44-48CE-A057-BB29FC1A4D05}.Debug|Any CPU.ActiveCfg = Debug|Any CPU
		{6D6A89D2-BC44-48CE-A057-BB29FC1A4D05}.Debug|Any CPU.Build.0 = Debug|Any CPU
		{6D6A89D2-BC44-48CE-A057-BB29FC1A4D05}.Release|Any CPU.ActiveCfg = Release|Any CPU
		{6D6A89D2-BC44-48CE-A057-BB29FC1A4D05}.Release|Any CPU.Build.0 = Release|Any CPU
		{3F4A0B6E-1C64-41D4-A7CA-BEE93CA95401}.Debug|Any CPU.ActiveCfg = Debug|Any CPU
		{3F4A0B6E-1C64-41D4-A7CA-BEE93CA95401}.Debug|Any CPU.Build.0 = Debug|Any CPU
		{3F4A0B6E-1C64-41D4-A7CA-BEE93CA95401}.Release|Any CPU.ActiveCfg = Release|Any CPU
		{3F4A0B6E-1C64-41D4-A7CA-BEE93CA95401}.Release|Any CPU.Build.0 = Release|Any CPU
		{899F0603-8236-49E8-93E5-856FB540409C}.Debug|Any CPU.ActiveCfg = Debug|Any CPU
		{899F0603-8236-49E8-93E5-856FB540409C}.Debug|Any CPU.Build.0 = Debug|Any CPU
		{899F0603-8236-49E8-93E5-856FB540409C}.Release|Any CPU.ActiveCfg = Release|Any CPU
		{899F0603-8236-49E8-93E5-856FB540409C}.Release|Any CPU.Build.0 = Release|Any CPU
		{5031ADAF-C406-4EA0-8003-6C88A2A64802}.Debug|Any CPU.ActiveCfg = Debug|Any CPU
		{5031ADAF-C406-4EA0-8003-6C88A2A64802}.Debug|Any CPU.Build.0 = Debug|Any CPU
		{5031ADAF-C406-4EA0-8003-6C88A2A64802}.Release|Any CPU.ActiveCfg = Release|Any CPU
		{5031ADAF-C406-4EA0-8003-6C88A2A64802}.Release|Any CPU.Build.0 = Release|Any CPU
		{136F8525-F65C-4A92-BC9E-2F89ECAFD4E1}.Debug|Any CPU.ActiveCfg = Debug|Any CPU
		{136F8525-F65C-4A92-BC9E-2F89ECAFD4E1}.Debug|Any CPU.Build.0 = Debug|Any CPU
		{136F8525-F65C-4A92-BC9E-2F89ECAFD4E1}.Release|Any CPU.ActiveCfg = Release|Any CPU
		{136F8525-F65C-4A92-BC9E-2F89ECAFD4E1}.Release|Any CPU.Build.0 = Release|Any CPU
		{C9E984E2-0229-4389-8942-397EC1EEFF20}.Debug|Any CPU.ActiveCfg = Debug|Any CPU
		{C9E984E2-0229-4389-8942-397EC1EEFF20}.Debug|Any CPU.Build.0 = Debug|Any CPU
		{C9E984E2-0229-4389-8942-397EC1EEFF20}.Release|Any CPU.ActiveCfg = Release|Any CPU
		{C9E984E2-0229-4389-8942-397EC1EEFF20}.Release|Any CPU.Build.0 = Release|Any CPU
		{6E8902F8-2969-4A11-B2D2-C8644A00949D}.Debug|Any CPU.ActiveCfg = Debug|Any CPU
		{6E8902F8-2969-4A11-B2D2-C8644A00949D}.Debug|Any CPU.Build.0 = Debug|Any CPU
		{6E8902F8-2969-4A11-B2D2-C8644A00949D}.Release|Any CPU.ActiveCfg = Release|Any CPU
		{6E8902F8-2969-4A11-B2D2-C8644A00949D}.Release|Any CPU.Build.0 = Release|Any CPU
		{3052F9D5-C7C9-471A-96BA-8E14378CA3DF}.Debug|Any CPU.ActiveCfg = Debug|Any CPU
		{3052F9D5-C7C9-471A-96BA-8E14378CA3DF}.Debug|Any CPU.Build.0 = Debug|Any CPU
		{3052F9D5-C7C9-471A-96BA-8E14378CA3DF}.Release|Any CPU.ActiveCfg = Release|Any CPU
		{3052F9D5-C7C9-471A-96BA-8E14378CA3DF}.Release|Any CPU.Build.0 = Release|Any CPU
		{07BE03BD-84A8-4202-82A3-F64829B3D786}.Debug|Any CPU.ActiveCfg = Debug|Any CPU
		{07BE03BD-84A8-4202-82A3-F64829B3D786}.Debug|Any CPU.Build.0 = Debug|Any CPU
		{07BE03BD-84A8-4202-82A3-F64829B3D786}.Release|Any CPU.ActiveCfg = Release|Any CPU
		{07BE03BD-84A8-4202-82A3-F64829B3D786}.Release|Any CPU.Build.0 = Release|Any CPU
		{E327F5BD-CBF2-47D0-90C6-AE9C56E99B2F}.Debug|Any CPU.ActiveCfg = Debug|Any CPU
		{E327F5BD-CBF2-47D0-90C6-AE9C56E99B2F}.Debug|Any CPU.Build.0 = Debug|Any CPU
		{E327F5BD-CBF2-47D0-90C6-AE9C56E99B2F}.Release|Any CPU.ActiveCfg = Release|Any CPU
		{E327F5BD-CBF2-47D0-90C6-AE9C56E99B2F}.Release|Any CPU.Build.0 = Release|Any CPU
	EndGlobalSection
	GlobalSection(SolutionProperties) = preSolution
		HideSolutionNode = FALSE
	EndGlobalSection
	GlobalSection(ExtensibilityGlobals) = postSolution
		SolutionGuid = {05AD4341-9C99-4998-8BEC-CFBB218B464B}
	EndGlobalSection
EndGlobal
